// !$*UTF8*$!
{
	archiveVersion = 1;
	classes = {
	};
	objectVersion = 46;
	objects = {
/* Begin PBXBuildFile section */
		0207DA581B56EA530066E2B4 /* Images.xcassets in Resources */ = {isa = PBXBuildFile; fileRef = 0207DA571B56EA530066E2B4 /* Images.xcassets */; };
		07193201F4F445DFA734E489 /* libGTMSessionFetcher_full.a in Frameworks */ = {isa = PBXBuildFile; fileRef = A2C30DB92FC942A881C6D5F6 /* libGTMSessionFetcher_full.a */; };
		0AE5462422DE486CB2D1B9E2 /* CDVSplashScreen.m in Sources */ = {isa = PBXBuildFile; fileRef = 0FF8EF37BFA74DAAA943785A /* CDVSplashScreen.m */; };
		0BC2285524144629A60CC88E /* libGTM_StringEncoding.a in Frameworks */ = {isa = PBXBuildFile; fileRef = 0E910B0333E14E02B7136789 /* libGTM_StringEncoding.a */; };
		1008C3D973794FED88B82729 /* libGGLCore.a in Frameworks */ = {isa = PBXBuildFile; fileRef = 901FF005E1524C7FA09EB663 /* libGGLCore.a */; };
		11D16F4C862541D9A62A4C66 /* libGTMStackTrace.a in Frameworks */ = {isa = PBXBuildFile; fileRef = C177C930AE4E4C638FC4976E /* libGTMStackTrace.a */; };
		125D97136C7F43589B6AD250 /* libGTM_core.a in Frameworks */ = {isa = PBXBuildFile; fileRef = 5F1F6C14473341DD8E9118FD /* libGTM_core.a */; };
		1D3623260D0F684500981E51 /* AppDelegate.m in Sources */ = {isa = PBXBuildFile; fileRef = 1D3623250D0F684500981E51 /* AppDelegate.m */; };
		1D60589B0D05DD56006BFB54 /* main.m in Sources */ = {isa = PBXBuildFile; fileRef = 29B97316FDCFA39411CA2CEA /* main.m */; };
		2779279DCA55438BA548F72D /* CoreTelephony.framework in Frameworks */ = {isa = PBXBuildFile; fileRef = 87A04B5275FC494C922F402A /* CoreTelephony.framework */; };
		301BF552109A68D80062928A /* libCordova.a in Frameworks */ = {isa = PBXBuildFile; fileRef = 301BF535109A57CC0062928A /* libCordova.a */; };
		302D95F114D2391D003F00A1 /* MainViewController.m in Sources */ = {isa = PBXBuildFile; fileRef = 302D95EF14D2391D003F00A1 /* MainViewController.m */; };
		302D95F214D2391D003F00A1 /* MainViewController.xib in Resources */ = {isa = PBXBuildFile; fileRef = 302D95F014D2391D003F00A1 /* MainViewController.xib */; };
		335CDE663F124019AAA76499 /* libGGLCloudMessaging.a in Frameworks */ = {isa = PBXBuildFile; fileRef = 385E12AC54F94109BF2FC120 /* libGGLCloudMessaging.a */; };
		33F4EA950C9F4783BDC3B165 /* libGTM_NSStringHTML.a in Frameworks */ = {isa = PBXBuildFile; fileRef = 35860BAB212C40D9A2EB4813 /* libGTM_NSStringHTML.a */; };
		341B7BB7657A4723B7B5635A /* libGTM_NSScannerJSON.a in Frameworks */ = {isa = PBXBuildFile; fileRef = 4A1489D9B13F4B97877F9684 /* libGTM_NSScannerJSON.a */; };
		35650E5482784AB2A534A08C /* ImageIO.framework in Frameworks */ = {isa = PBXBuildFile; fileRef = D77814B4E08146E1867B10A1 /* ImageIO.framework */; settings = {ATTRIBUTES = (Weak, ); }; };
		36F59DAE304945C5A13265A7 /* libGTM_KVO.a in Frameworks */ = {isa = PBXBuildFile; fileRef = BC2491C6289E4CDD967A4B30 /* libGTM_KVO.a */; };
		38ABFB016A284760B3026B85 /* CDVFileTransfer.m in Sources */ = {isa = PBXBuildFile; fileRef = 10DD93D73172437583181D77 /* CDVFileTransfer.m */; };
		3AA3752E87214B5896E677CE /* AppVersion.m in Sources */ = {isa = PBXBuildFile; fileRef = 87567C1E6919483BBB968FDB /* AppVersion.m */; };
		48AF6CD4EEA04D62B4881C1C /* SystemConfiguration.framework in Frameworks */ = {isa = PBXBuildFile; fileRef = 3D06F9EA8BE64E6A89B56A18 /* SystemConfiguration.framework */; settings = {ATTRIBUTES = (Weak, ); }; };
		4AD9876642A5437E9E2AC8F0 /* libGTM_GTMURLBuilder.a in Frameworks */ = {isa = PBXBuildFile; fileRef = 6D88C45E4236472FAA99F29C /* libGTM_GTMURLBuilder.a */; };
		4F8B1CB0F7B8457D88811194 /* CoreLocation.framework in Frameworks */ = {isa = PBXBuildFile; fileRef = 46ADA57833D9414CABA7987A /* CoreLocation.framework */; };
		5946C37B966C44B0A53DE280 /* PushPlugin.m in Sources */ = {isa = PBXBuildFile; fileRef = 8F69BCF6DB144F3AB606BB38 /* PushPlugin.m */; };
		6052E6C7A9CA499B92E68813 /* UIImage+CropScaleOrientation.m in Sources */ = {isa = PBXBuildFile; fileRef = 4FEE3B59719D4FD0AA60C294 /* UIImage+CropScaleOrientation.m */; };
		6AD47E464D674307B730B078 /* CDVLocation.m in Sources */ = {isa = PBXBuildFile; fileRef = F6B5E75A7311469C987F05E9 /* CDVLocation.m */; };
		6C0A7F75138B43048FCF1D02 /* CDVAssetLibraryFilesystem.m in Sources */ = {isa = PBXBuildFile; fileRef = 486C00CDF21A441A9EC1C797 /* CDVAssetLibraryFilesystem.m */; };
		7115796CCB0B4F47B7110F71 /* libGTM_NSStringXML.a in Frameworks */ = {isa = PBXBuildFile; fileRef = BE3F3E417B2245138C4CB9D5 /* libGTM_NSStringXML.a */; };
		71B0852CA9DA4DDC99017429 /* AVFoundation.framework in Frameworks */ = {isa = PBXBuildFile; fileRef = 96380BFB7C0C49E9BA3090A5 /* AVFoundation.framework */; };
		7ABD77FB470447B3A8E93241 /* AddressBook.framework in Frameworks */ = {isa = PBXBuildFile; fileRef = 810B5B3EDEDD4515831A950A /* AddressBook.framework */; };
		82CF96629D2E4B7289C04797 /* libGTM_iPhone.a in Frameworks */ = {isa = PBXBuildFile; fileRef = D44741EC44A9456489855AF0 /* libGTM_iPhone.a */; };
		9090EF02014A48BA8D4CF248 /* libGTM_Regex.a in Frameworks */ = {isa = PBXBuildFile; fileRef = B6E60A2D6B174569BD32966C /* libGTM_Regex.a */; };
		982F6C692C8D48B18FFEDA03 /* libGTM_AddressBook.a in Frameworks */ = {isa = PBXBuildFile; fileRef = 7B83A5BEF4E04899824DDC38 /* libGTM_AddressBook.a */; };
		99FB528FB8DA44DEB3C969D3 /* libGTM_RoundedRectPath.a in Frameworks */ = {isa = PBXBuildFile; fileRef = BC1FEF6EB1764AD0861C27AD /* libGTM_RoundedRectPath.a */; };
		9A5E93FA1F4E4DBBA7D47336 /* libGTM_NSDictionary+URLArguments.a in Frameworks */ = {isa = PBXBuildFile; fileRef = 59DEA9D3F9644B7CBCA8AF2C /* libGTM_NSDictionary+URLArguments.a */; };
		9B66170435FA4883BAEEA689 /* libGcmLib.a in Frameworks */ = {isa = PBXBuildFile; fileRef = 5A176E28F35D45D8BC88C6FD /* libGcmLib.a */; };
		9D5548A693054CF5A25A5981 /* CDVJpegHeaderWriter.m in Sources */ = {isa = PBXBuildFile; fileRef = 59FC98AF695040AD86A905AF /* CDVJpegHeaderWriter.m */; };
		9DDB71C831264D9980CD9D81 /* libGGLInstanceIDLib.a in Frameworks */ = {isa = PBXBuildFile; fileRef = 02C9569D07034B7E84242F22 /* libGGLInstanceIDLib.a */; };
		A0073A4DB3DD4D19A3A004C2 /* CDVDevice.m in Sources */ = {isa = PBXBuildFile; fileRef = 921128834B084C148DE54BE7 /* CDVDevice.m */; };
		A6489FA677534952B7D17957 /* libGTM_UIFont+LineHeight.a in Frameworks */ = {isa = PBXBuildFile; fileRef = 8F070C5B66EC458B94080B90 /* libGTM_UIFont+LineHeight.a */; };
		AB71882716A34B41993BE8CD /* libGTM_DebugUtils.a in Frameworks */ = {isa = PBXBuildFile; fileRef = 808A0A0EDF6349AC81D17D2C /* libGTM_DebugUtils.a */; };
		AC0B9364DA5D4F5BB37D04DE /* sqlite3.c in Sources */ = {isa = PBXBuildFile; fileRef = 6E51AEA8BF9C42A4A9EE7392 /* sqlite3.c */; settings = {COMPILER_FLAGS = "-DSQLITE_TEMP_STORE=2 -DSQLITE_THREADSAFE=2 -DSQLITE_ENABLE_FTS3 -DSQLITE_ENABLE_FTS3_PARENTHESIS -DSQLITE_ENABLE_FTS4 -DSQLITE_ENABLE_COLUMN_METADATA -DSQLITE_ENABLE_RTREE -DSQLITE_LOCKING_STYLE=1 -DSQLITE_OMIT_BUILTIN_TEST -DSQLITE_OMIT_LOAD_EXTENSION"; }; };
		B0D1D51933E84740BB6AADB0 /* CDVStatusBar.m in Sources */ = {isa = PBXBuildFile; fileRef = 9F90027E9BDE4C219FC527A5 /* CDVStatusBar.m */; };
		B2447E0E72F3459C9032C12C /* CDVFile.m in Sources */ = {isa = PBXBuildFile; fileRef = 854E50B8835143A79BD2C04F /* CDVFile.m */; };
		B2F6D36D93C34518A92C0645 /* CDVLocalFilesystem.m in Sources */ = {isa = PBXBuildFile; fileRef = 816F1049F0DE482C8E22F622 /* CDVLocalFilesystem.m */; };
		B35751D4EC4F4F739E825FE0 /* libz.tbd in Frameworks */ = {isa = PBXBuildFile; fileRef = 777C011733084BDC9C7B04D5 /* libz.tbd */; };
		B721E6A239A4414A860A6C1C /* CDVGlobalization.m in Sources */ = {isa = PBXBuildFile; fileRef = 74468854A5E5467290876260 /* CDVGlobalization.m */; };
		BE223BDEC6D740E4AFDCB7CA /* AppDelegate+notification.m in Sources */ = {isa = PBXBuildFile; fileRef = 66DD5941939644DCB1CB367D /* AppDelegate+notification.m */; };
		BF2A6511AE8C41ADB182087E /* libGTM_SystemVersion.a in Frameworks */ = {isa = PBXBuildFile; fileRef = 2CE02DF6B8BA4C2282DAD876 /* libGTM_SystemVersion.a */; };
		C20A405696E54625B93A0588 /* libProtocolBuffers.a in Frameworks */ = {isa = PBXBuildFile; fileRef = 1CB671B403A04BFA9B3CD719 /* libProtocolBuffers.a */; };
		C50B187510F8402E865C3329 /* tessdata in Resources */ = {isa = PBXBuildFile; fileRef = AB09824B0DB44977B2C8CDAB /* tessdata */; };
		C6358212540F4C0E8C551C26 /* libGSDK_Overload.a in Frameworks */ = {isa = PBXBuildFile; fileRef = 5AE939263D7C4833832736DF /* libGSDK_Overload.a */; };
		C6AC05E86E8349FAA459467E /* SQLitePlugin.m in Sources */ = {isa = PBXBuildFile; fileRef = 98F85ACFD2A44DE594147400 /* SQLitePlugin.m */; };
		C8EF6BAA4E62856F5D67237A /* libPods-mobilitEASE.a in Frameworks */ = {isa = PBXBuildFile; fileRef = 4254485800408FB8917D5E1D /* libPods-mobilitEASE.a */; };
		CB96E8235B7A47C7BAD6E593 /* CDVViewController+SplashScreen.m in Sources */ = {isa = PBXBuildFile; fileRef = F3009C178B9847C38F45142A /* CDVViewController+SplashScreen.m */; };
		D08A7B5FB785415AB8CEDCDD /* CDVReachability.m in Sources */ = {isa = PBXBuildFile; fileRef = EF9B500AAC564CABB9547376 /* CDVReachability.m */; };
		D26303ECA4914B899961256A /* CDVConnection.m in Sources */ = {isa = PBXBuildFile; fileRef = 7F35E1E3A3F74EC285E03FCE /* CDVConnection.m */; };
		DD90F1D9079F41C6BE530347 /* libGTM_NSData+zlib.a in Frameworks */ = {isa = PBXBuildFile; fileRef = ABF289AF7C004D5CA9DD3D73 /* libGTM_NSData+zlib.a */; };
		E7DFA64D97174F45A3AA8001 /* libGTMSessionFetcher_core.a in Frameworks */ = {isa = PBXBuildFile; fileRef = 71643E3C1561496585F73AF7 /* libGTMSessionFetcher_core.a */; };
		ECFE1C173A144619A0294723 /* libGIP_Reachability.a in Frameworks */ = {isa = PBXBuildFile; fileRef = DC92FE0A38774CEEB11AF01A /* libGIP_Reachability.a */; };
		EE28C0F6C86046DCBA0842AC /* CDVCamera.m in Sources */ = {isa = PBXBuildFile; fileRef = 078C2C95B15948BE8365218A /* CDVCamera.m */; };
		FE9C16FE312F4878BA4BD3A0 /* libsqlite3.tbd in Frameworks */ = {isa = PBXBuildFile; fileRef = C0B0811633DD4B2BAE32AE46 /* libsqlite3.tbd */; };
		CFA829D35FBC4C52B7A4BA7D /* SOSPicker.m in Sources */ = {isa = PBXBuildFile; fileRef = 799F47D9853A4C278EAFD540 /* SOSPicker.m */; };
		DB7818682BC64E7EAEBE8D5C /* UIImage+fixOrientation.m in Sources */ = {isa = PBXBuildFile; fileRef = 8D8B3E674BD64BCF8513E7DA /* UIImage+fixOrientation.m */; };
		43217A47D09A4AD3B04DA325 /* GMAlbumsViewCell.m in Sources */ = {isa = PBXBuildFile; fileRef = 27F8A600081540D1B864A68E /* GMAlbumsViewCell.m */; };
		6EC40D8513A4427F8437CCA8 /* GMAlbumsViewController.m in Sources */ = {isa = PBXBuildFile; fileRef = 1A5586BAF75B4DE7B61615E2 /* GMAlbumsViewController.m */; };
		DB49ED6D27884D09980D31DA /* GMFetchItem.m in Sources */ = {isa = PBXBuildFile; fileRef = 1CF8D4470E4C4B29910368F0 /* GMFetchItem.m */; };
		A8287896F3C2452891592BDF /* GMGridViewCell.m in Sources */ = {isa = PBXBuildFile; fileRef = 13565D2F48804D919297AE58 /* GMGridViewCell.m */; };
		B45F6558657A48B9AC28C725 /* GMGridViewController.m in Sources */ = {isa = PBXBuildFile; fileRef = 0938FF6E4B8C4EFC917891BE /* GMGridViewController.m */; };
		8000EB4C4E7C4666B12E60F2 /* GMImagePickerController.m in Sources */ = {isa = PBXBuildFile; fileRef = 87BE3390D41A4CB3BA94A6B5 /* GMImagePickerController.m */; };
		B48B80C18B92456C8CFEC98E /* PSYBlockTimer.m in Sources */ = {isa = PBXBuildFile; fileRef = 60C15035D0DF481ABFFCFA79 /* PSYBlockTimer.m */; };
		E4F58FC8CA1C4796AB4C2C0A /* GMPHAsset.m in Sources */ = {isa = PBXBuildFile; fileRef = 80156C212D1049B6BFA94BE3 /* GMPHAsset.m */; };
		4A8E41F7DB504E8CB63CC7F9 /* GMEmptyFolder@1x.png in Resources */ = {isa = PBXBuildFile; fileRef = 70FF19ABBBBA41D2AA843D4C /* GMEmptyFolder@1x.png */; };
		D67DEA8230014D73AD0CF21F /* GMEmptyFolder@2x.png in Resources */ = {isa = PBXBuildFile; fileRef = 913BCED2403B43129CDDD21C /* GMEmptyFolder@2x.png */; };
		81A994DF6BAC4F45A2067B82 /* GMSelected.png in Resources */ = {isa = PBXBuildFile; fileRef = 4A4068A9DFAD43E0948237A1 /* GMSelected.png */; };
		0C4A04EC43D5455CA1FD21AC /* GMSelected@2x.png in Resources */ = {isa = PBXBuildFile; fileRef = 32462597358E43DEAD27B337 /* GMSelected@2x.png */; };
		1E64C31C9222431798F0767E /* GMVideoIcon.png in Resources */ = {isa = PBXBuildFile; fileRef = 1AD6623820FA4C8F96F10693 /* GMVideoIcon.png */; };
		7F154E3EA3284176A1792351 /* GMVideoIcon@2x.png in Resources */ = {isa = PBXBuildFile; fileRef = D4CD568799CE4E06A29118CD /* GMVideoIcon@2x.png */; };
		73B6AD5A989D41ACA04E1E49 /* ca.lproj in Resources */ = {isa = PBXBuildFile; fileRef = 0BAA45DE39594C9AA44880F8 /* ca.lproj */; };
		7F6C1309E7D547BD990B30CC /* de.lproj in Resources */ = {isa = PBXBuildFile; fileRef = 3883D080A2E94D34BC7CAE3F /* de.lproj */; };
		38FC8A3B6717453E86415BC1 /* en.lproj in Resources */ = {isa = PBXBuildFile; fileRef = F530FB11057B4497AE25CE0F /* en.lproj */; };
		2A5A3C50AB5C4A21A7F6BA09 /* es.lproj in Resources */ = {isa = PBXBuildFile; fileRef = 141E448DC62A4F60B26D27C3 /* es.lproj */; };
		815BE86D543641A1952A0BA4 /* fr.lproj in Resources */ = {isa = PBXBuildFile; fileRef = 9D473F296960498BB2BA604B /* fr.lproj */; };
		2229164ACD904659A52D69A4 /* it.lproj in Resources */ = {isa = PBXBuildFile; fileRef = CA3AF3F21F9247BFBF63775C /* it.lproj */; };
		87C3084583A44EA9BBDDF878 /* pt.lproj in Resources */ = {isa = PBXBuildFile; fileRef = 3828FCE35D1E489BB3092B7C /* pt.lproj */; };
		1B28AA445A3F4D09B3CC8175 /* Accelerate.framework in Frameworks */ = {isa = PBXBuildFile; fileRef = 6F23F39E20244B3AAF60FFC2 /* Accelerate.framework */; };
		3E3B84A83ABF4B53AC1D1542 /* Security.framework in Frameworks */ = {isa = PBXBuildFile; fileRef = 815AF53CF564427F95A789CB /* Security.framework */; };
		3A1C2F3EAC964906A9A454F5 /* Photos.framework in Frameworks */ = {isa = PBXBuildFile; fileRef = 60B01030DF9A400588B25FDF /* Photos.framework */; };
		6579EE83F62340A4908AB1AB /* QuartzCore.framework in Frameworks */ = {isa = PBXBuildFile; fileRef = D9B797D6A1DE4990A5D8374A /* QuartzCore.framework */; };
/* End PBXBuildFile section */

/* Begin PBXContainerItemProxy section */
		301BF534109A57CC0062928A /* PBXContainerItemProxy */ = {
			isa = PBXContainerItemProxy;
			containerPortal = 301BF52D109A57CC0062928A /* CordovaLib.xcodeproj */;
			proxyType = 2;
			remoteGlobalIDString = D2AAC07E0554694100DB518D;
			remoteInfo = CordovaLib;
		};
		301BF550109A68C00062928A /* PBXContainerItemProxy */ = {
			isa = PBXContainerItemProxy;
			containerPortal = 301BF52D109A57CC0062928A /* CordovaLib.xcodeproj */;
			proxyType = 1;
			remoteGlobalIDString = D2AAC07D0554694100DB518D;
			remoteInfo = CordovaLib;
		};
/* End PBXContainerItemProxy section */

/* Begin PBXFileReference section */
		0207DA571B56EA530066E2B4 /* Images.xcassets */ = {isa = PBXFileReference; lastKnownFileType = folder.assetcatalog; name = Images.xcassets; path = mobilitEASE/Images.xcassets; sourceTree = SOURCE_ROOT; };
		02A39D8D0E2842C395CF19C0 /* CDVJpegHeaderWriter.h */ = {isa = PBXFileReference; explicitFileType = undefined; fileEncoding = 4; includeInIndex = 0; lastKnownFileType = sourcecode.c.h; name = CDVJpegHeaderWriter.h; path = "cordova-plugin-camera/CDVJpegHeaderWriter.h"; sourceTree = "<group>"; };
		02C9569D07034B7E84242F22 /* libGGLInstanceIDLib.a */ = {isa = PBXFileReference; explicitFileType = undefined; fileEncoding = 9; includeInIndex = 0; lastKnownFileType = archive.ar; name = libGGLInstanceIDLib.a; path = "mobilitEASE/Plugins/phonegap-plugin-push/GCM/Libraries/libGGLInstanceIDLib.a"; sourceTree = "<group>"; };
		05082718A2494DE6B7B048B8 /* CDVConnection.h */ = {isa = PBXFileReference; explicitFileType = undefined; fileEncoding = 4; includeInIndex = 0; lastKnownFileType = sourcecode.c.h; name = CDVConnection.h; path = "cordova-plugin-network-information/CDVConnection.h"; sourceTree = "<group>"; };
		078C2C95B15948BE8365218A /* CDVCamera.m */ = {isa = PBXFileReference; explicitFileType = undefined; fileEncoding = 4; includeInIndex = 0; lastKnownFileType = sourcecode.c.objc; name = CDVCamera.m; path = "cordova-plugin-camera/CDVCamera.m"; sourceTree = "<group>"; };
		082C3EA191EB4CB0AC3F816A /* GGLInstanceIDHeaders.h */ = {isa = PBXFileReference; explicitFileType = undefined; fileEncoding = 4; includeInIndex = 0; lastKnownFileType = sourcecode.c.h; name = GGLInstanceIDHeaders.h; path = "phonegap-plugin-push/GCM/Headers/GGLInstanceIDHeaders.h"; sourceTree = "<group>"; };
		0E910B0333E14E02B7136789 /* libGTM_StringEncoding.a */ = {isa = PBXFileReference; explicitFileType = undefined; fileEncoding = 9; includeInIndex = 0; lastKnownFileType = archive.ar; name = libGTM_StringEncoding.a; path = "mobilitEASE/Plugins/phonegap-plugin-push/GCM/Libraries/libGTM_StringEncoding.a"; sourceTree = "<group>"; };
		0FF8EF37BFA74DAAA943785A /* CDVSplashScreen.m */ = {isa = PBXFileReference; explicitFileType = undefined; fileEncoding = 4; includeInIndex = 0; lastKnownFileType = sourcecode.c.objc; name = CDVSplashScreen.m; path = "cordova-plugin-splashscreen/CDVSplashScreen.m"; sourceTree = "<group>"; };
		10DD93D73172437583181D77 /* CDVFileTransfer.m */ = {isa = PBXFileReference; explicitFileType = undefined; fileEncoding = 4; includeInIndex = 0; lastKnownFileType = sourcecode.c.objc; name = CDVFileTransfer.m; path = "cordova-plugin-file-transfer/CDVFileTransfer.m"; sourceTree = "<group>"; };
		11E2A3A20E7E49BF8C2B3F4B /* CDVAssetLibraryFilesystem.h */ = {isa = PBXFileReference; explicitFileType = undefined; fileEncoding = 4; includeInIndex = 0; lastKnownFileType = sourcecode.c.h; name = CDVAssetLibraryFilesystem.h; path = "cordova-plugin-file/CDVAssetLibraryFilesystem.h"; sourceTree = "<group>"; };
		157DC6DB6E0847C08F01EDE7 /* CDVLocalFilesystem.h */ = {isa = PBXFileReference; explicitFileType = undefined; fileEncoding = 4; includeInIndex = 0; lastKnownFileType = sourcecode.c.h; name = CDVLocalFilesystem.h; path = "cordova-plugin-file/CDVLocalFilesystem.h"; sourceTree = "<group>"; };
		1CB671B403A04BFA9B3CD719 /* libProtocolBuffers.a */ = {isa = PBXFileReference; explicitFileType = undefined; fileEncoding = 9; includeInIndex = 0; lastKnownFileType = archive.ar; name = libProtocolBuffers.a; path = "mobilitEASE/Plugins/phonegap-plugin-push/GCM/Libraries/libProtocolBuffers.a"; sourceTree = "<group>"; };
		1D3623240D0F684500981E51 /* AppDelegate.h */ = {isa = PBXFileReference; fileEncoding = 4; lastKnownFileType = sourcecode.c.h; path = AppDelegate.h; sourceTree = "<group>"; };
		1D3623250D0F684500981E51 /* AppDelegate.m */ = {isa = PBXFileReference; fileEncoding = 4; lastKnownFileType = sourcecode.c.objc; path = AppDelegate.m; sourceTree = "<group>"; };
		1D6058910D05DD3D006BFB54 /* mobilitEASE.app */ = {isa = PBXFileReference; explicitFileType = wrapper.application; includeInIndex = 0; path = mobilitEASE.app; sourceTree = BUILT_PRODUCTS_DIR; };
		1E47D105FD9C4DFBBFDF32C5 /* CDVViewController+SplashScreen.h */ = {isa = PBXFileReference; explicitFileType = undefined; fileEncoding = 4; includeInIndex = 0; lastKnownFileType = sourcecode.c.h; name = "CDVViewController+SplashScreen.h"; path = "cordova-plugin-splashscreen/CDVViewController+SplashScreen.h"; sourceTree = "<group>"; };
		29B97316FDCFA39411CA2CEA /* main.m */ = {isa = PBXFileReference; fileEncoding = 4; lastKnownFileType = sourcecode.c.objc; path = main.m; sourceTree = "<group>"; };
		2CE02DF6B8BA4C2282DAD876 /* libGTM_SystemVersion.a */ = {isa = PBXFileReference; explicitFileType = undefined; fileEncoding = 9; includeInIndex = 0; lastKnownFileType = archive.ar; name = libGTM_SystemVersion.a; path = "mobilitEASE/Plugins/phonegap-plugin-push/GCM/Libraries/libGTM_SystemVersion.a"; sourceTree = "<group>"; };
		2F7DD314DE1B48908AF674A2 /* UIImage+CropScaleOrientation.h */ = {isa = PBXFileReference; explicitFileType = undefined; fileEncoding = 4; includeInIndex = 0; lastKnownFileType = sourcecode.c.h; name = "UIImage+CropScaleOrientation.h"; path = "cordova-plugin-camera/UIImage+CropScaleOrientation.h"; sourceTree = "<group>"; };
		301BF52D109A57CC0062928A /* CordovaLib.xcodeproj */ = {isa = PBXFileReference; lastKnownFileType = "wrapper.pb-project"; name = CordovaLib.xcodeproj; path = CordovaLib/CordovaLib.xcodeproj; sourceTree = "<group>"; };
		301BF56E109A69640062928A /* www */ = {isa = PBXFileReference; lastKnownFileType = folder; path = www; sourceTree = SOURCE_ROOT; };
		302D95EE14D2391D003F00A1 /* MainViewController.h */ = {isa = PBXFileReference; fileEncoding = 4; lastKnownFileType = sourcecode.c.h; path = MainViewController.h; sourceTree = "<group>"; };
		302D95EF14D2391D003F00A1 /* MainViewController.m */ = {isa = PBXFileReference; fileEncoding = 4; lastKnownFileType = sourcecode.c.objc; path = MainViewController.m; sourceTree = "<group>"; };
		302D95F014D2391D003F00A1 /* MainViewController.xib */ = {isa = PBXFileReference; fileEncoding = 4; lastKnownFileType = file.xib; path = MainViewController.xib; sourceTree = "<group>"; };
		3047A50F1AB8059700498E2A /* build-debug.xcconfig */ = {isa = PBXFileReference; fileEncoding = 4; lastKnownFileType = text.xcconfig; name = "build-debug.xcconfig"; path = "cordova/build-debug.xcconfig"; sourceTree = SOURCE_ROOT; };
		3047A5101AB8059700498E2A /* build-release.xcconfig */ = {isa = PBXFileReference; fileEncoding = 4; lastKnownFileType = text.xcconfig; name = "build-release.xcconfig"; path = "cordova/build-release.xcconfig"; sourceTree = SOURCE_ROOT; };
		3047A5111AB8059700498E2A /* build.xcconfig */ = {isa = PBXFileReference; fileEncoding = 4; lastKnownFileType = text.xcconfig; name = build.xcconfig; path = cordova/build.xcconfig; sourceTree = SOURCE_ROOT; };
		32CA4F630368D1EE00C91783 /* mobilitEASE-Prefix.pch */ = {isa = PBXFileReference; fileEncoding = 4; lastKnownFileType = sourcecode.c.h; path = "mobilitEASE-Prefix.pch"; sourceTree = "<group>"; };
		35860BAB212C40D9A2EB4813 /* libGTM_NSStringHTML.a */ = {isa = PBXFileReference; explicitFileType = undefined; fileEncoding = 9; includeInIndex = 0; lastKnownFileType = archive.ar; name = libGTM_NSStringHTML.a; path = "mobilitEASE/Plugins/phonegap-plugin-push/GCM/Libraries/libGTM_NSStringHTML.a"; sourceTree = "<group>"; };
		36CD1243200542088D3C7F51 /* GGLConfiguration.h */ = {isa = PBXFileReference; explicitFileType = undefined; fileEncoding = 4; includeInIndex = 0; lastKnownFileType = sourcecode.c.h; name = GGLConfiguration.h; path = "phonegap-plugin-push/GCM/Headers/GGLConfiguration.h"; sourceTree = "<group>"; };
		376E1D5A72F546198B477941 /* GGLInstanceID.h */ = {isa = PBXFileReference; explicitFileType = undefined; fileEncoding = 4; includeInIndex = 0; lastKnownFileType = sourcecode.c.h; name = GGLInstanceID.h; path = "phonegap-plugin-push/GCM/Headers/GGLInstanceID.h"; sourceTree = "<group>"; };
		3814E8B69AE64C94B52A4548 /* CDVGlobalization.h */ = {isa = PBXFileReference; explicitFileType = undefined; fileEncoding = 4; includeInIndex = 0; lastKnownFileType = sourcecode.c.h; name = CDVGlobalization.h; path = "cordova-plugin-globalization/CDVGlobalization.h"; sourceTree = "<group>"; };
		385E12AC54F94109BF2FC120 /* libGGLCloudMessaging.a */ = {isa = PBXFileReference; explicitFileType = undefined; fileEncoding = 9; includeInIndex = 0; lastKnownFileType = archive.ar; name = libGGLCloudMessaging.a; path = "mobilitEASE/Plugins/phonegap-plugin-push/GCM/Libraries/libGGLCloudMessaging.a"; sourceTree = "<group>"; };
		3D06F9EA8BE64E6A89B56A18 /* SystemConfiguration.framework */ = {isa = PBXFileReference; explicitFileType = undefined; fileEncoding = 9; includeInIndex = 0; lastKnownFileType = wrapper.framework; name = SystemConfiguration.framework; path = System/Library/Frameworks/SystemConfiguration.framework; sourceTree = SDKROOT; };
		3F4709D5A38C464A86066EF9 /* CDVReachability.h */ = {isa = PBXFileReference; explicitFileType = undefined; fileEncoding = 4; includeInIndex = 0; lastKnownFileType = sourcecode.c.h; name = CDVReachability.h; path = "cordova-plugin-network-information/CDVReachability.h"; sourceTree = "<group>"; };
		40B5C140C7294350B97DCC08 /* GGLContext+CloudMessaging.h */ = {isa = PBXFileReference; explicitFileType = undefined; fileEncoding = 4; includeInIndex = 0; lastKnownFileType = sourcecode.c.h; name = "GGLContext+CloudMessaging.h"; path = "phonegap-plugin-push/GCM/Headers/GGLContext+CloudMessaging.h"; sourceTree = "<group>"; };
		4254485800408FB8917D5E1D /* libPods-mobilitEASE.a */ = {isa = PBXFileReference; explicitFileType = archive.ar; includeInIndex = 0; path = "libPods-mobilitEASE.a"; sourceTree = BUILT_PRODUCTS_DIR; };
		43ED7C392474498A92CC317C /* sqlite3.h */ = {isa = PBXFileReference; explicitFileType = undefined; fileEncoding = 4; includeInIndex = 0; lastKnownFileType = sourcecode.c.h; name = sqlite3.h; path = "cordova-sqlite-storage/sqlite3.h"; sourceTree = "<group>"; };
		46ADA57833D9414CABA7987A /* CoreLocation.framework */ = {isa = PBXFileReference; explicitFileType = undefined; fileEncoding = 9; includeInIndex = 0; lastKnownFileType = wrapper.framework; name = CoreLocation.framework; path = System/Library/Frameworks/CoreLocation.framework; sourceTree = SDKROOT; };
		486C00CDF21A441A9EC1C797 /* CDVAssetLibraryFilesystem.m */ = {isa = PBXFileReference; explicitFileType = undefined; fileEncoding = 4; includeInIndex = 0; lastKnownFileType = sourcecode.c.objc; name = CDVAssetLibraryFilesystem.m; path = "cordova-plugin-file/CDVAssetLibraryFilesystem.m"; sourceTree = "<group>"; };
		4A1489D9B13F4B97877F9684 /* libGTM_NSScannerJSON.a */ = {isa = PBXFileReference; explicitFileType = undefined; fileEncoding = 9; includeInIndex = 0; lastKnownFileType = archive.ar; name = libGTM_NSScannerJSON.a; path = "mobilitEASE/Plugins/phonegap-plugin-push/GCM/Libraries/libGTM_NSScannerJSON.a"; sourceTree = "<group>"; };
		4C8B71BCFF0A46CFA29F7D45 /* GCMService.h */ = {isa = PBXFileReference; explicitFileType = undefined; fileEncoding = 4; includeInIndex = 0; lastKnownFileType = sourcecode.c.h; name = GCMService.h; path = "phonegap-plugin-push/GCM/Headers/GCMService.h"; sourceTree = "<group>"; };
		4D9AD3CC6B8240FF9AA0A878 /* AppDelegate+notification.h */ = {isa = PBXFileReference; explicitFileType = undefined; fileEncoding = 4; includeInIndex = 0; lastKnownFileType = sourcecode.c.h; name = "AppDelegate+notification.h"; path = "phonegap-plugin-push/AppDelegate+notification.h"; sourceTree = "<group>"; };
		4E86FC3AFE35437D974DEBDB /* CDVDevice.h */ = {isa = PBXFileReference; explicitFileType = undefined; fileEncoding = 4; includeInIndex = 0; lastKnownFileType = sourcecode.c.h; name = CDVDevice.h; path = "cordova-plugin-device/CDVDevice.h"; sourceTree = "<group>"; };
		4FEE3B59719D4FD0AA60C294 /* UIImage+CropScaleOrientation.m */ = {isa = PBXFileReference; explicitFileType = undefined; fileEncoding = 4; includeInIndex = 0; lastKnownFileType = sourcecode.c.objc; name = "UIImage+CropScaleOrientation.m"; path = "cordova-plugin-camera/UIImage+CropScaleOrientation.m"; sourceTree = "<group>"; };
		59DEA9D3F9644B7CBCA8AF2C /* libGTM_NSDictionary+URLArguments.a */ = {isa = PBXFileReference; explicitFileType = undefined; fileEncoding = 9; includeInIndex = 0; lastKnownFileType = archive.ar; name = "libGTM_NSDictionary+URLArguments.a"; path = "mobilitEASE/Plugins/phonegap-plugin-push/GCM/Libraries/libGTM_NSDictionary+URLArguments.a"; sourceTree = "<group>"; };
		59FC98AF695040AD86A905AF /* CDVJpegHeaderWriter.m */ = {isa = PBXFileReference; explicitFileType = undefined; fileEncoding = 4; includeInIndex = 0; lastKnownFileType = sourcecode.c.objc; name = CDVJpegHeaderWriter.m; path = "cordova-plugin-camera/CDVJpegHeaderWriter.m"; sourceTree = "<group>"; };
		5A176E28F35D45D8BC88C6FD /* libGcmLib.a */ = {isa = PBXFileReference; explicitFileType = undefined; fileEncoding = 9; includeInIndex = 0; lastKnownFileType = archive.ar; name = libGcmLib.a; path = "mobilitEASE/Plugins/phonegap-plugin-push/GCM/Libraries/libGcmLib.a"; sourceTree = "<group>"; };
		5AE939263D7C4833832736DF /* libGSDK_Overload.a */ = {isa = PBXFileReference; explicitFileType = undefined; fileEncoding = 9; includeInIndex = 0; lastKnownFileType = archive.ar; name = libGSDK_Overload.a; path = "mobilitEASE/Plugins/phonegap-plugin-push/GCM/Libraries/libGSDK_Overload.a"; sourceTree = "<group>"; };
		5B74E554375848DB91B79F1F /* CloudMessaging.h */ = {isa = PBXFileReference; explicitFileType = undefined; fileEncoding = 4; includeInIndex = 0; lastKnownFileType = sourcecode.c.h; name = CloudMessaging.h; path = "phonegap-plugin-push/GCM/Headers/CloudMessaging.h"; sourceTree = "<group>"; };
		5F1F6C14473341DD8E9118FD /* libGTM_core.a */ = {isa = PBXFileReference; explicitFileType = undefined; fileEncoding = 9; includeInIndex = 0; lastKnownFileType = archive.ar; name = libGTM_core.a; path = "mobilitEASE/Plugins/phonegap-plugin-push/GCM/Libraries/libGTM_core.a"; sourceTree = "<group>"; };
		66DD5941939644DCB1CB367D /* AppDelegate+notification.m */ = {isa = PBXFileReference; explicitFileType = undefined; fileEncoding = 4; includeInIndex = 0; lastKnownFileType = sourcecode.c.objc; name = "AppDelegate+notification.m"; path = "phonegap-plugin-push/AppDelegate+notification.m"; sourceTree = "<group>"; };
		674727640029460B979EBD68 /* CDVStatusBar.h */ = {isa = PBXFileReference; explicitFileType = undefined; fileEncoding = 4; includeInIndex = 0; lastKnownFileType = sourcecode.c.h; name = CDVStatusBar.h; path = "cordova-plugin-statusbar/CDVStatusBar.h"; sourceTree = "<group>"; };
		6D88C45E4236472FAA99F29C /* libGTM_GTMURLBuilder.a */ = {isa = PBXFileReference; explicitFileType = undefined; fileEncoding = 9; includeInIndex = 0; lastKnownFileType = archive.ar; name = libGTM_GTMURLBuilder.a; path = "mobilitEASE/Plugins/phonegap-plugin-push/GCM/Libraries/libGTM_GTMURLBuilder.a"; sourceTree = "<group>"; };
		6E51AEA8BF9C42A4A9EE7392 /* sqlite3.c */ = {isa = PBXFileReference; explicitFileType = undefined; fileEncoding = 9; includeInIndex = 0; lastKnownFileType = unknown; name = sqlite3.c; path = "cordova-sqlite-storage/sqlite3.c"; sourceTree = "<group>"; };
		71643E3C1561496585F73AF7 /* libGTMSessionFetcher_core.a */ = {isa = PBXFileReference; explicitFileType = undefined; fileEncoding = 9; includeInIndex = 0; lastKnownFileType = archive.ar; name = libGTMSessionFetcher_core.a; path = "mobilitEASE/Plugins/phonegap-plugin-push/GCM/Libraries/libGTMSessionFetcher_core.a"; sourceTree = "<group>"; };
		737B6CB40FA8431EA41B4D9C /* Core.h */ = {isa = PBXFileReference; explicitFileType = undefined; fileEncoding = 4; includeInIndex = 0; lastKnownFileType = sourcecode.c.h; name = Core.h; path = "phonegap-plugin-push/GCM/Headers/Core.h"; sourceTree = "<group>"; };
		74468854A5E5467290876260 /* CDVGlobalization.m */ = {isa = PBXFileReference; explicitFileType = undefined; fileEncoding = 4; includeInIndex = 0; lastKnownFileType = sourcecode.c.objc; name = CDVGlobalization.m; path = "cordova-plugin-globalization/CDVGlobalization.m"; sourceTree = "<group>"; };
		777C011733084BDC9C7B04D5 /* libz.tbd */ = {isa = PBXFileReference; explicitFileType = undefined; fileEncoding = 9; includeInIndex = 0; lastKnownFileType = "sourcecode.text-based-dylib-definition"; name = libz.tbd; path = usr/lib/libz.tbd; sourceTree = SDKROOT; };
		7B83A5BEF4E04899824DDC38 /* libGTM_AddressBook.a */ = {isa = PBXFileReference; explicitFileType = undefined; fileEncoding = 9; includeInIndex = 0; lastKnownFileType = archive.ar; name = libGTM_AddressBook.a; path = "mobilitEASE/Plugins/phonegap-plugin-push/GCM/Libraries/libGTM_AddressBook.a"; sourceTree = "<group>"; };
		7BE0AD25FBE94191935C2F5D /* SQLitePlugin.h */ = {isa = PBXFileReference; explicitFileType = undefined; fileEncoding = 4; includeInIndex = 0; lastKnownFileType = sourcecode.c.h; name = SQLitePlugin.h; path = "cordova-sqlite-storage/SQLitePlugin.h"; sourceTree = "<group>"; };
		7F35E1E3A3F74EC285E03FCE /* CDVConnection.m */ = {isa = PBXFileReference; explicitFileType = undefined; fileEncoding = 4; includeInIndex = 0; lastKnownFileType = sourcecode.c.objc; name = CDVConnection.m; path = "cordova-plugin-network-information/CDVConnection.m"; sourceTree = "<group>"; };
		808A0A0EDF6349AC81D17D2C /* libGTM_DebugUtils.a */ = {isa = PBXFileReference; explicitFileType = undefined; fileEncoding = 9; includeInIndex = 0; lastKnownFileType = archive.ar; name = libGTM_DebugUtils.a; path = "mobilitEASE/Plugins/phonegap-plugin-push/GCM/Libraries/libGTM_DebugUtils.a"; sourceTree = "<group>"; };
		810B5B3EDEDD4515831A950A /* AddressBook.framework */ = {isa = PBXFileReference; explicitFileType = undefined; fileEncoding = 9; includeInIndex = 0; lastKnownFileType = wrapper.framework; name = AddressBook.framework; path = System/Library/Frameworks/AddressBook.framework; sourceTree = SDKROOT; };
		816F1049F0DE482C8E22F622 /* CDVLocalFilesystem.m */ = {isa = PBXFileReference; explicitFileType = undefined; fileEncoding = 4; includeInIndex = 0; lastKnownFileType = sourcecode.c.objc; name = CDVLocalFilesystem.m; path = "cordova-plugin-file/CDVLocalFilesystem.m"; sourceTree = "<group>"; };
		854E50B8835143A79BD2C04F /* CDVFile.m */ = {isa = PBXFileReference; explicitFileType = undefined; fileEncoding = 4; includeInIndex = 0; lastKnownFileType = sourcecode.c.objc; name = CDVFile.m; path = "cordova-plugin-file/CDVFile.m"; sourceTree = "<group>"; };
		87567C1E6919483BBB968FDB /* AppVersion.m */ = {isa = PBXFileReference; explicitFileType = undefined; fileEncoding = 4; includeInIndex = 0; lastKnownFileType = sourcecode.c.objc; name = AppVersion.m; path = "cordova-plugin-app-version/AppVersion.m"; sourceTree = "<group>"; };
		87A04B5275FC494C922F402A /* CoreTelephony.framework */ = {isa = PBXFileReference; explicitFileType = undefined; fileEncoding = 9; includeInIndex = 0; lastKnownFileType = wrapper.framework; name = CoreTelephony.framework; path = System/Library/Frameworks/CoreTelephony.framework; sourceTree = SDKROOT; };
		8C07ECC312C0440F99A71D86 /* AppVersion.h */ = {isa = PBXFileReference; explicitFileType = undefined; fileEncoding = 4; includeInIndex = 0; lastKnownFileType = sourcecode.c.h; name = AppVersion.h; path = "cordova-plugin-app-version/AppVersion.h"; sourceTree = "<group>"; };
		8D1107310486CEB800E47090 /* mobilitEASE-Info.plist */ = {isa = PBXFileReference; fileEncoding = 4; lastKnownFileType = text.plist.xml; name = "mobilitEASE-Info.plist"; path = "mobilitEASE/mobilitEASE-Info.plist"; plistStructureDefinitionIdentifier = "com.apple.xcode.plist.structure-definition.iphone.info-plist"; sourceTree = SOURCE_ROOT; };
		8F070C5B66EC458B94080B90 /* libGTM_UIFont+LineHeight.a */ = {isa = PBXFileReference; explicitFileType = undefined; fileEncoding = 9; includeInIndex = 0; lastKnownFileType = archive.ar; name = "libGTM_UIFont+LineHeight.a"; path = "mobilitEASE/Plugins/phonegap-plugin-push/GCM/Libraries/libGTM_UIFont+LineHeight.a"; sourceTree = "<group>"; };
		8F5C7177ACFE484B8DF8D502 /* GoogleCloudMessaging.h */ = {isa = PBXFileReference; explicitFileType = undefined; fileEncoding = 4; includeInIndex = 0; lastKnownFileType = sourcecode.c.h; name = GoogleCloudMessaging.h; path = "phonegap-plugin-push/GCM/Headers/GoogleCloudMessaging.h"; sourceTree = "<group>"; };
		8F69BCF6DB144F3AB606BB38 /* PushPlugin.m */ = {isa = PBXFileReference; explicitFileType = undefined; fileEncoding = 4; includeInIndex = 0; lastKnownFileType = sourcecode.c.objc; name = PushPlugin.m; path = "phonegap-plugin-push/PushPlugin.m"; sourceTree = "<group>"; };
		901FF005E1524C7FA09EB663 /* libGGLCore.a */ = {isa = PBXFileReference; explicitFileType = undefined; fileEncoding = 9; includeInIndex = 0; lastKnownFileType = archive.ar; name = libGGLCore.a; path = "mobilitEASE/Plugins/phonegap-plugin-push/GCM/Libraries/libGGLCore.a"; sourceTree = "<group>"; };
		91743BCF940C4C7DBCDB8A2F /* GGLInstanceIDConfig.h */ = {isa = PBXFileReference; explicitFileType = undefined; fileEncoding = 4; includeInIndex = 0; lastKnownFileType = sourcecode.c.h; name = GGLInstanceIDConfig.h; path = "phonegap-plugin-push/GCM/Headers/GGLInstanceIDConfig.h"; sourceTree = "<group>"; };
		921128834B084C148DE54BE7 /* CDVDevice.m */ = {isa = PBXFileReference; explicitFileType = undefined; fileEncoding = 4; includeInIndex = 0; lastKnownFileType = sourcecode.c.objc; name = CDVDevice.m; path = "cordova-plugin-device/CDVDevice.m"; sourceTree = "<group>"; };
		9419AD80031E472B8A785F23 /* CDVSplashScreen.h */ = {isa = PBXFileReference; explicitFileType = undefined; fileEncoding = 4; includeInIndex = 0; lastKnownFileType = sourcecode.c.h; name = CDVSplashScreen.h; path = "cordova-plugin-splashscreen/CDVSplashScreen.h"; sourceTree = "<group>"; };
		96380BFB7C0C49E9BA3090A5 /* AVFoundation.framework */ = {isa = PBXFileReference; explicitFileType = undefined; fileEncoding = 9; includeInIndex = 0; lastKnownFileType = wrapper.framework; name = AVFoundation.framework; path = System/Library/Frameworks/AVFoundation.framework; sourceTree = SDKROOT; };
		96FB519CF509420CAB641249 /* CDVFileTransfer.h */ = {isa = PBXFileReference; explicitFileType = undefined; fileEncoding = 4; includeInIndex = 0; lastKnownFileType = sourcecode.c.h; name = CDVFileTransfer.h; path = "cordova-plugin-file-transfer/CDVFileTransfer.h"; sourceTree = "<group>"; };
		98F85ACFD2A44DE594147400 /* SQLitePlugin.m */ = {isa = PBXFileReference; explicitFileType = undefined; fileEncoding = 4; includeInIndex = 0; lastKnownFileType = sourcecode.c.objc; name = SQLitePlugin.m; path = "cordova-sqlite-storage/SQLitePlugin.m"; sourceTree = "<group>"; };
		9F90027E9BDE4C219FC527A5 /* CDVStatusBar.m */ = {isa = PBXFileReference; explicitFileType = undefined; fileEncoding = 4; includeInIndex = 0; lastKnownFileType = sourcecode.c.objc; name = CDVStatusBar.m; path = "cordova-plugin-statusbar/CDVStatusBar.m"; sourceTree = "<group>"; };
		A14FB31C64F24EC78F84AC5F /* PushPlugin.h */ = {isa = PBXFileReference; explicitFileType = undefined; fileEncoding = 4; includeInIndex = 0; lastKnownFileType = sourcecode.c.h; name = PushPlugin.h; path = "phonegap-plugin-push/PushPlugin.h"; sourceTree = "<group>"; };
		A2C30DB92FC942A881C6D5F6 /* libGTMSessionFetcher_full.a */ = {isa = PBXFileReference; explicitFileType = undefined; fileEncoding = 9; includeInIndex = 0; lastKnownFileType = archive.ar; name = libGTMSessionFetcher_full.a; path = "mobilitEASE/Plugins/phonegap-plugin-push/GCM/Libraries/libGTMSessionFetcher_full.a"; sourceTree = "<group>"; };
		A5621EF4BFC54F6B9E9B6551 /* GGLInstanceIDDelegate.h */ = {isa = PBXFileReference; explicitFileType = undefined; fileEncoding = 4; includeInIndex = 0; lastKnownFileType = sourcecode.c.h; name = GGLInstanceIDDelegate.h; path = "phonegap-plugin-push/GCM/Headers/GGLInstanceIDDelegate.h"; sourceTree = "<group>"; };
		A7537C9EF282425A811C0E00 /* GCMReceiverDelegate.h */ = {isa = PBXFileReference; explicitFileType = undefined; fileEncoding = 4; includeInIndex = 0; lastKnownFileType = sourcecode.c.h; name = GCMReceiverDelegate.h; path = "phonegap-plugin-push/GCM/Headers/GCMReceiverDelegate.h"; sourceTree = "<group>"; };
		AB09824B0DB44977B2C8CDAB /* tessdata */ = {isa = PBXFileReference; explicitFileType = undefined; fileEncoding = 9; includeInIndex = 0; lastKnownFileType = unknown; path = tessdata; sourceTree = "<group>"; };
		ABF289AF7C004D5CA9DD3D73 /* libGTM_NSData+zlib.a */ = {isa = PBXFileReference; explicitFileType = undefined; fileEncoding = 9; includeInIndex = 0; lastKnownFileType = archive.ar; name = "libGTM_NSData+zlib.a"; path = "mobilitEASE/Plugins/phonegap-plugin-push/GCM/Libraries/libGTM_NSData+zlib.a"; sourceTree = "<group>"; };
		B1BEA8B4CEDB4F649D9F2829 /* CDVExif.h */ = {isa = PBXFileReference; explicitFileType = undefined; fileEncoding = 4; includeInIndex = 0; lastKnownFileType = sourcecode.c.h; name = CDVExif.h; path = "cordova-plugin-camera/CDVExif.h"; sourceTree = "<group>"; };
		B6E60A2D6B174569BD32966C /* libGTM_Regex.a */ = {isa = PBXFileReference; explicitFileType = undefined; fileEncoding = 9; includeInIndex = 0; lastKnownFileType = archive.ar; name = libGTM_Regex.a; path = "mobilitEASE/Plugins/phonegap-plugin-push/GCM/Libraries/libGTM_Regex.a"; sourceTree = "<group>"; };
		BC1FEF6EB1764AD0861C27AD /* libGTM_RoundedRectPath.a */ = {isa = PBXFileReference; explicitFileType = undefined; fileEncoding = 9; includeInIndex = 0; lastKnownFileType = archive.ar; name = libGTM_RoundedRectPath.a; path = "mobilitEASE/Plugins/phonegap-plugin-push/GCM/Libraries/libGTM_RoundedRectPath.a"; sourceTree = "<group>"; };
		BC2491C6289E4CDD967A4B30 /* libGTM_KVO.a */ = {isa = PBXFileReference; explicitFileType = undefined; fileEncoding = 9; includeInIndex = 0; lastKnownFileType = archive.ar; name = libGTM_KVO.a; path = "mobilitEASE/Plugins/phonegap-plugin-push/GCM/Libraries/libGTM_KVO.a"; sourceTree = "<group>"; };
		BE3F3E417B2245138C4CB9D5 /* libGTM_NSStringXML.a */ = {isa = PBXFileReference; explicitFileType = undefined; fileEncoding = 9; includeInIndex = 0; lastKnownFileType = archive.ar; name = libGTM_NSStringXML.a; path = "mobilitEASE/Plugins/phonegap-plugin-push/GCM/Libraries/libGTM_NSStringXML.a"; sourceTree = "<group>"; };
		C0B0811633DD4B2BAE32AE46 /* libsqlite3.tbd */ = {isa = PBXFileReference; explicitFileType = undefined; fileEncoding = 9; includeInIndex = 0; lastKnownFileType = "sourcecode.text-based-dylib-definition"; name = libsqlite3.tbd; path = usr/lib/libsqlite3.tbd; sourceTree = SDKROOT; };
		C177C930AE4E4C638FC4976E /* libGTMStackTrace.a */ = {isa = PBXFileReference; explicitFileType = undefined; fileEncoding = 9; includeInIndex = 0; lastKnownFileType = archive.ar; name = libGTMStackTrace.a; path = "mobilitEASE/Plugins/phonegap-plugin-push/GCM/Libraries/libGTMStackTrace.a"; sourceTree = "<group>"; };
		C1D246C2E88849BC97E5EEFA /* GGLErrorCode.h */ = {isa = PBXFileReference; explicitFileType = undefined; fileEncoding = 4; includeInIndex = 0; lastKnownFileType = sourcecode.c.h; name = GGLErrorCode.h; path = "phonegap-plugin-push/GCM/Headers/GGLErrorCode.h"; sourceTree = "<group>"; };
		C62B8808506E444C917D6B74 /* CDVCamera.h */ = {isa = PBXFileReference; explicitFileType = undefined; fileEncoding = 4; includeInIndex = 0; lastKnownFileType = sourcecode.c.h; name = CDVCamera.h; path = "cordova-plugin-camera/CDVCamera.h"; sourceTree = "<group>"; };
		D44741EC44A9456489855AF0 /* libGTM_iPhone.a */ = {isa = PBXFileReference; explicitFileType = undefined; fileEncoding = 9; includeInIndex = 0; lastKnownFileType = archive.ar; name = libGTM_iPhone.a; path = "mobilitEASE/Plugins/phonegap-plugin-push/GCM/Libraries/libGTM_iPhone.a"; sourceTree = "<group>"; };
		D643DB4AB76D48878593401D /* CDVFile.h */ = {isa = PBXFileReference; explicitFileType = undefined; fileEncoding = 4; includeInIndex = 0; lastKnownFileType = sourcecode.c.h; name = CDVFile.h; path = "cordova-plugin-file/CDVFile.h"; sourceTree = "<group>"; };
		D77814B4E08146E1867B10A1 /* ImageIO.framework */ = {isa = PBXFileReference; explicitFileType = undefined; fileEncoding = 9; includeInIndex = 0; lastKnownFileType = wrapper.framework; name = ImageIO.framework; path = System/Library/Frameworks/ImageIO.framework; sourceTree = SDKROOT; };
		DC92FE0A38774CEEB11AF01A /* libGIP_Reachability.a */ = {isa = PBXFileReference; explicitFileType = undefined; fileEncoding = 9; includeInIndex = 0; lastKnownFileType = archive.ar; name = libGIP_Reachability.a; path = "mobilitEASE/Plugins/phonegap-plugin-push/GCM/Libraries/libGIP_Reachability.a"; sourceTree = "<group>"; };
		E3E670ECB70E42C79790053C /* GCMConfig.h */ = {isa = PBXFileReference; explicitFileType = undefined; fileEncoding = 4; includeInIndex = 0; lastKnownFileType = sourcecode.c.h; name = GCMConfig.h; path = "phonegap-plugin-push/GCM/Headers/GCMConfig.h"; sourceTree = "<group>"; };
		EB87FDF31871DA8E0020F90C /* www */ = {isa = PBXFileReference; lastKnownFileType = folder; name = www; path = ../../www; sourceTree = "<group>"; };
		EB87FDF41871DAF40020F90C /* config.xml */ = {isa = PBXFileReference; lastKnownFileType = text.xml; name = config.xml; path = ../../config.xml; sourceTree = "<group>"; };
		ED33DF2A687741AEAF9F8254 /* Bridging-Header.h */ = {isa = PBXFileReference; fileEncoding = 4; lastKnownFileType = sourcecode.c.h; path = "Bridging-Header.h"; sourceTree = "<group>"; };
		EF9B500AAC564CABB9547376 /* CDVReachability.m */ = {isa = PBXFileReference; explicitFileType = undefined; fileEncoding = 4; includeInIndex = 0; lastKnownFileType = sourcecode.c.objc; name = CDVReachability.m; path = "cordova-plugin-network-information/CDVReachability.m"; sourceTree = "<group>"; };
		F3009C178B9847C38F45142A /* CDVViewController+SplashScreen.m */ = {isa = PBXFileReference; explicitFileType = undefined; fileEncoding = 4; includeInIndex = 0; lastKnownFileType = sourcecode.c.objc; name = "CDVViewController+SplashScreen.m"; path = "cordova-plugin-splashscreen/CDVViewController+SplashScreen.m"; sourceTree = "<group>"; };
		F6B5E75A7311469C987F05E9 /* CDVLocation.m */ = {isa = PBXFileReference; explicitFileType = undefined; fileEncoding = 4; includeInIndex = 0; lastKnownFileType = sourcecode.c.objc; name = CDVLocation.m; path = "cordova-plugin-geolocation/CDVLocation.m"; sourceTree = "<group>"; };
		F840E1F0165FE0F500CFE078 /* config.xml */ = {isa = PBXFileReference; lastKnownFileType = text.xml; name = config.xml; path = mobilitEASE/config.xml; sourceTree = "<group>"; };
		F9BFF589986544158BCE6C93 /* GCMPubSub.h */ = {isa = PBXFileReference; explicitFileType = undefined; fileEncoding = 4; includeInIndex = 0; lastKnownFileType = sourcecode.c.h; name = GCMPubSub.h; path = "phonegap-plugin-push/GCM/Headers/GCMPubSub.h"; sourceTree = "<group>"; };
		FB73860783514C6797D20399 /* CDVLocation.h */ = {isa = PBXFileReference; explicitFileType = undefined; fileEncoding = 4; includeInIndex = 0; lastKnownFileType = sourcecode.c.h; name = CDVLocation.h; path = "cordova-plugin-geolocation/CDVLocation.h"; sourceTree = "<group>"; };
		FC384F105F8F47E4AFF41CBA /* GGLContext.h */ = {isa = PBXFileReference; explicitFileType = undefined; fileEncoding = 4; includeInIndex = 0; lastKnownFileType = sourcecode.c.h; name = GGLContext.h; path = "phonegap-plugin-push/GCM/Headers/GGLContext.h"; sourceTree = "<group>"; };
		799F47D9853A4C278EAFD540 /* SOSPicker.m */ = {isa = PBXFileReference; name = "SOSPicker.m"; path = "com.synconset.imagepicker/SOSPicker.m"; sourceTree = "<group>"; fileEncoding = 4; lastKnownFileType = sourcecode.c.objc; explicitFileType = undefined; includeInIndex = 0; };
		8D8B3E674BD64BCF8513E7DA /* UIImage+fixOrientation.m */ = {isa = PBXFileReference; name = "UIImage+fixOrientation.m"; path = "com.synconset.imagepicker/UIImage+fixOrientation.m"; sourceTree = "<group>"; fileEncoding = 4; lastKnownFileType = sourcecode.c.objc; explicitFileType = undefined; includeInIndex = 0; };
		27F8A600081540D1B864A68E /* GMAlbumsViewCell.m */ = {isa = PBXFileReference; name = "GMAlbumsViewCell.m"; path = "com.synconset.imagepicker/GMAlbumsViewCell.m"; sourceTree = "<group>"; fileEncoding = 4; lastKnownFileType = sourcecode.c.objc; explicitFileType = undefined; includeInIndex = 0; };
		1A5586BAF75B4DE7B61615E2 /* GMAlbumsViewController.m */ = {isa = PBXFileReference; name = "GMAlbumsViewController.m"; path = "com.synconset.imagepicker/GMAlbumsViewController.m"; sourceTree = "<group>"; fileEncoding = 4; lastKnownFileType = sourcecode.c.objc; explicitFileType = undefined; includeInIndex = 0; };
		1CF8D4470E4C4B29910368F0 /* GMFetchItem.m */ = {isa = PBXFileReference; name = "GMFetchItem.m"; path = "com.synconset.imagepicker/GMFetchItem.m"; sourceTree = "<group>"; fileEncoding = 4; lastKnownFileType = sourcecode.c.objc; explicitFileType = undefined; includeInIndex = 0; };
		13565D2F48804D919297AE58 /* GMGridViewCell.m */ = {isa = PBXFileReference; name = "GMGridViewCell.m"; path = "com.synconset.imagepicker/GMGridViewCell.m"; sourceTree = "<group>"; fileEncoding = 4; lastKnownFileType = sourcecode.c.objc; explicitFileType = undefined; includeInIndex = 0; };
		0938FF6E4B8C4EFC917891BE /* GMGridViewController.m */ = {isa = PBXFileReference; name = "GMGridViewController.m"; path = "com.synconset.imagepicker/GMGridViewController.m"; sourceTree = "<group>"; fileEncoding = 4; lastKnownFileType = sourcecode.c.objc; explicitFileType = undefined; includeInIndex = 0; };
		87BE3390D41A4CB3BA94A6B5 /* GMImagePickerController.m */ = {isa = PBXFileReference; name = "GMImagePickerController.m"; path = "com.synconset.imagepicker/GMImagePickerController.m"; sourceTree = "<group>"; fileEncoding = 4; lastKnownFileType = sourcecode.c.objc; explicitFileType = undefined; includeInIndex = 0; };
		60C15035D0DF481ABFFCFA79 /* PSYBlockTimer.m */ = {isa = PBXFileReference; name = "PSYBlockTimer.m"; path = "com.synconset.imagepicker/PSYBlockTimer.m"; sourceTree = "<group>"; fileEncoding = 4; lastKnownFileType = sourcecode.c.objc; explicitFileType = undefined; includeInIndex = 0; };
		80156C212D1049B6BFA94BE3 /* GMPHAsset.m */ = {isa = PBXFileReference; name = "GMPHAsset.m"; path = "com.synconset.imagepicker/GMPHAsset.m"; sourceTree = "<group>"; fileEncoding = 4; lastKnownFileType = sourcecode.c.objc; explicitFileType = undefined; includeInIndex = 0; };
		1D40DC1AF32447E4BFBDE0C0 /* SOSPicker.h */ = {isa = PBXFileReference; name = "SOSPicker.h"; path = "com.synconset.imagepicker/SOSPicker.h"; sourceTree = "<group>"; fileEncoding = 4; lastKnownFileType = sourcecode.c.h; explicitFileType = undefined; includeInIndex = 0; };
		D1EB4021832E410592D08B6F /* UIImage+fixOrientation.h */ = {isa = PBXFileReference; name = "UIImage+fixOrientation.h"; path = "com.synconset.imagepicker/UIImage+fixOrientation.h"; sourceTree = "<group>"; fileEncoding = 4; lastKnownFileType = sourcecode.c.h; explicitFileType = undefined; includeInIndex = 0; };
		3AAAC2C5FADE47EB8190DD38 /* GMAlbumsViewCell.h */ = {isa = PBXFileReference; name = "GMAlbumsViewCell.h"; path = "com.synconset.imagepicker/GMAlbumsViewCell.h"; sourceTree = "<group>"; fileEncoding = 4; lastKnownFileType = sourcecode.c.h; explicitFileType = undefined; includeInIndex = 0; };
		69F6FD864EE242FCA4F1DD14 /* GMAlbumsViewController.h */ = {isa = PBXFileReference; name = "GMAlbumsViewController.h"; path = "com.synconset.imagepicker/GMAlbumsViewController.h"; sourceTree = "<group>"; fileEncoding = 4; lastKnownFileType = sourcecode.c.h; explicitFileType = undefined; includeInIndex = 0; };
		C455D8B1B4A744A6B4DCC4F7 /* GMFetchItem.h */ = {isa = PBXFileReference; name = "GMFetchItem.h"; path = "com.synconset.imagepicker/GMFetchItem.h"; sourceTree = "<group>"; fileEncoding = 4; lastKnownFileType = sourcecode.c.h; explicitFileType = undefined; includeInIndex = 0; };
		4AE13CD779F14745863908D7 /* GMGridViewCell.h */ = {isa = PBXFileReference; name = "GMGridViewCell.h"; path = "com.synconset.imagepicker/GMGridViewCell.h"; sourceTree = "<group>"; fileEncoding = 4; lastKnownFileType = sourcecode.c.h; explicitFileType = undefined; includeInIndex = 0; };
		C0F82054005D4165B9C4012A /* GMGridViewController.h */ = {isa = PBXFileReference; name = "GMGridViewController.h"; path = "com.synconset.imagepicker/GMGridViewController.h"; sourceTree = "<group>"; fileEncoding = 4; lastKnownFileType = sourcecode.c.h; explicitFileType = undefined; includeInIndex = 0; };
		9D6AD14431764AC199646792 /* GMImagePickerController.h */ = {isa = PBXFileReference; name = "GMImagePickerController.h"; path = "com.synconset.imagepicker/GMImagePickerController.h"; sourceTree = "<group>"; fileEncoding = 4; lastKnownFileType = sourcecode.c.h; explicitFileType = undefined; includeInIndex = 0; };
		D89D6801F27343BEBC5477EB /* PSYBlockTimer.h */ = {isa = PBXFileReference; name = "PSYBlockTimer.h"; path = "com.synconset.imagepicker/PSYBlockTimer.h"; sourceTree = "<group>"; fileEncoding = 4; lastKnownFileType = sourcecode.c.h; explicitFileType = undefined; includeInIndex = 0; };
		400EA91FC1234F8D967A9595 /* GMPHAsset.h */ = {isa = PBXFileReference; name = "GMPHAsset.h"; path = "com.synconset.imagepicker/GMPHAsset.h"; sourceTree = "<group>"; fileEncoding = 4; lastKnownFileType = sourcecode.c.h; explicitFileType = undefined; includeInIndex = 0; };
		70FF19ABBBBA41D2AA843D4C /* GMEmptyFolder@1x.png */ = {isa = PBXFileReference; name = "GMEmptyFolder@1x.png"; path = "GMEmptyFolder@1x.png"; sourceTree = "<group>"; fileEncoding = undefined; lastKnownFileType = unknown; explicitFileType = undefined; includeInIndex = 0; };
		913BCED2403B43129CDDD21C /* GMEmptyFolder@2x.png */ = {isa = PBXFileReference; name = "GMEmptyFolder@2x.png"; path = "GMEmptyFolder@2x.png"; sourceTree = "<group>"; fileEncoding = undefined; lastKnownFileType = unknown; explicitFileType = undefined; includeInIndex = 0; };
		4A4068A9DFAD43E0948237A1 /* GMSelected.png */ = {isa = PBXFileReference; name = "GMSelected.png"; path = "GMSelected.png"; sourceTree = "<group>"; fileEncoding = undefined; lastKnownFileType = unknown; explicitFileType = undefined; includeInIndex = 0; };
		32462597358E43DEAD27B337 /* GMSelected@2x.png */ = {isa = PBXFileReference; name = "GMSelected@2x.png"; path = "GMSelected@2x.png"; sourceTree = "<group>"; fileEncoding = undefined; lastKnownFileType = unknown; explicitFileType = undefined; includeInIndex = 0; };
		1AD6623820FA4C8F96F10693 /* GMVideoIcon.png */ = {isa = PBXFileReference; name = "GMVideoIcon.png"; path = "GMVideoIcon.png"; sourceTree = "<group>"; fileEncoding = undefined; lastKnownFileType = unknown; explicitFileType = undefined; includeInIndex = 0; };
		D4CD568799CE4E06A29118CD /* GMVideoIcon@2x.png */ = {isa = PBXFileReference; name = "GMVideoIcon@2x.png"; path = "GMVideoIcon@2x.png"; sourceTree = "<group>"; fileEncoding = undefined; lastKnownFileType = unknown; explicitFileType = undefined; includeInIndex = 0; };
		0BAA45DE39594C9AA44880F8 /* ca.lproj */ = {isa = PBXFileReference; name = "ca.lproj"; path = "ca.lproj"; sourceTree = "<group>"; fileEncoding = undefined; lastKnownFileType = unknown; explicitFileType = undefined; includeInIndex = 0; };
		3883D080A2E94D34BC7CAE3F /* de.lproj */ = {isa = PBXFileReference; name = "de.lproj"; path = "de.lproj"; sourceTree = "<group>"; fileEncoding = undefined; lastKnownFileType = unknown; explicitFileType = undefined; includeInIndex = 0; };
		F530FB11057B4497AE25CE0F /* en.lproj */ = {isa = PBXFileReference; name = "en.lproj"; path = "en.lproj"; sourceTree = "<group>"; fileEncoding = undefined; lastKnownFileType = unknown; explicitFileType = undefined; includeInIndex = 0; };
		141E448DC62A4F60B26D27C3 /* es.lproj */ = {isa = PBXFileReference; name = "es.lproj"; path = "es.lproj"; sourceTree = "<group>"; fileEncoding = undefined; lastKnownFileType = unknown; explicitFileType = undefined; includeInIndex = 0; };
		9D473F296960498BB2BA604B /* fr.lproj */ = {isa = PBXFileReference; name = "fr.lproj"; path = "fr.lproj"; sourceTree = "<group>"; fileEncoding = undefined; lastKnownFileType = unknown; explicitFileType = undefined; includeInIndex = 0; };
		CA3AF3F21F9247BFBF63775C /* it.lproj */ = {isa = PBXFileReference; name = "it.lproj"; path = "it.lproj"; sourceTree = "<group>"; fileEncoding = undefined; lastKnownFileType = unknown; explicitFileType = undefined; includeInIndex = 0; };
		3828FCE35D1E489BB3092B7C /* pt.lproj */ = {isa = PBXFileReference; name = "pt.lproj"; path = "pt.lproj"; sourceTree = "<group>"; fileEncoding = undefined; lastKnownFileType = unknown; explicitFileType = undefined; includeInIndex = 0; };
		6F23F39E20244B3AAF60FFC2 /* Accelerate.framework */ = {isa = PBXFileReference; name = "Accelerate.framework"; path = "System/Library/Frameworks/Accelerate.framework"; sourceTree = SDKROOT; fileEncoding = undefined; lastKnownFileType = wrapper.framework; explicitFileType = undefined; includeInIndex = 0; };
		815AF53CF564427F95A789CB /* Security.framework */ = {isa = PBXFileReference; name = "Security.framework"; path = "System/Library/Frameworks/Security.framework"; sourceTree = SDKROOT; fileEncoding = undefined; lastKnownFileType = wrapper.framework; explicitFileType = undefined; includeInIndex = 0; };
		60B01030DF9A400588B25FDF /* Photos.framework */ = {isa = PBXFileReference; name = "Photos.framework"; path = "System/Library/Frameworks/Photos.framework"; sourceTree = SDKROOT; fileEncoding = undefined; lastKnownFileType = wrapper.framework; explicitFileType = undefined; includeInIndex = 0; };
		D9B797D6A1DE4990A5D8374A /* QuartzCore.framework */ = {isa = PBXFileReference; name = "QuartzCore.framework"; path = "System/Library/Frameworks/QuartzCore.framework"; sourceTree = SDKROOT; fileEncoding = undefined; lastKnownFileType = wrapper.framework; explicitFileType = undefined; includeInIndex = 0; };
/* End PBXFileReference section */

/* Begin PBXFrameworksBuildPhase section */
		1D60588F0D05DD3D006BFB54 /* Frameworks */ = {
			isa = PBXFrameworksBuildPhase;
			buildActionMask = 2147483647;
			files = (
				301BF552109A68D80062928A /* libCordova.a in Frameworks */,
				35650E5482784AB2A534A08C /* ImageIO.framework in Frameworks */,
				4F8B1CB0F7B8457D88811194 /* CoreLocation.framework in Frameworks */,
				71B0852CA9DA4DDC99017429 /* AVFoundation.framework in Frameworks */,
				48AF6CD4EEA04D62B4881C1C /* SystemConfiguration.framework in Frameworks */,
				2779279DCA55438BA548F72D /* CoreTelephony.framework in Frameworks */,
				335CDE663F124019AAA76499 /* libGGLCloudMessaging.a in Frameworks */,
				1008C3D973794FED88B82729 /* libGGLCore.a in Frameworks */,
				9DDB71C831264D9980CD9D81 /* libGGLInstanceIDLib.a in Frameworks */,
				ECFE1C173A144619A0294723 /* libGIP_Reachability.a in Frameworks */,
				C6358212540F4C0E8C551C26 /* libGSDK_Overload.a in Frameworks */,
				E7DFA64D97174F45A3AA8001 /* libGTMSessionFetcher_core.a in Frameworks */,
				07193201F4F445DFA734E489 /* libGTMSessionFetcher_full.a in Frameworks */,
				11D16F4C862541D9A62A4C66 /* libGTMStackTrace.a in Frameworks */,
				982F6C692C8D48B18FFEDA03 /* libGTM_AddressBook.a in Frameworks */,
				AB71882716A34B41993BE8CD /* libGTM_DebugUtils.a in Frameworks */,
				4AD9876642A5437E9E2AC8F0 /* libGTM_GTMURLBuilder.a in Frameworks */,
				36F59DAE304945C5A13265A7 /* libGTM_KVO.a in Frameworks */,
				DD90F1D9079F41C6BE530347 /* libGTM_NSData+zlib.a in Frameworks */,
				9A5E93FA1F4E4DBBA7D47336 /* libGTM_NSDictionary+URLArguments.a in Frameworks */,
				341B7BB7657A4723B7B5635A /* libGTM_NSScannerJSON.a in Frameworks */,
				33F4EA950C9F4783BDC3B165 /* libGTM_NSStringHTML.a in Frameworks */,
				7115796CCB0B4F47B7110F71 /* libGTM_NSStringXML.a in Frameworks */,
				9090EF02014A48BA8D4CF248 /* libGTM_Regex.a in Frameworks */,
				99FB528FB8DA44DEB3C969D3 /* libGTM_RoundedRectPath.a in Frameworks */,
				0BC2285524144629A60CC88E /* libGTM_StringEncoding.a in Frameworks */,
				BF2A6511AE8C41ADB182087E /* libGTM_SystemVersion.a in Frameworks */,
				A6489FA677534952B7D17957 /* libGTM_UIFont+LineHeight.a in Frameworks */,
				125D97136C7F43589B6AD250 /* libGTM_core.a in Frameworks */,
				82CF96629D2E4B7289C04797 /* libGTM_iPhone.a in Frameworks */,
				9B66170435FA4883BAEEA689 /* libGcmLib.a in Frameworks */,
				C20A405696E54625B93A0588 /* libProtocolBuffers.a in Frameworks */,
				7ABD77FB470447B3A8E93241 /* AddressBook.framework in Frameworks */,
				FE9C16FE312F4878BA4BD3A0 /* libsqlite3.tbd in Frameworks */,
				B35751D4EC4F4F739E825FE0 /* libz.tbd in Frameworks */,
				C8EF6BAA4E62856F5D67237A /* libPods-mobilitEASE.a in Frameworks */,
				1B28AA445A3F4D09B3CC8175 /* Accelerate.framework in Frameworks */,
				3E3B84A83ABF4B53AC1D1542 /* Security.framework in Frameworks */,
				3A1C2F3EAC964906A9A454F5 /* Photos.framework in Frameworks */,
				6579EE83F62340A4908AB1AB /* QuartzCore.framework in Frameworks */,
			);
			runOnlyForDeploymentPostprocessing = 0;
		};
/* End PBXFrameworksBuildPhase section */

/* Begin PBXGroup section */
		080E96DDFE201D6D7F000001 /* Classes */ = {
			isa = PBXGroup;
			children = (
				302D95EE14D2391D003F00A1 /* MainViewController.h */,
				302D95EF14D2391D003F00A1 /* MainViewController.m */,
				302D95F014D2391D003F00A1 /* MainViewController.xib */,
				1D3623240D0F684500981E51 /* AppDelegate.h */,
				1D3623250D0F684500981E51 /* AppDelegate.m */,
			);
			name = Classes;
			path = mobilitEASE/Classes;
			sourceTree = SOURCE_ROOT;
		};
		19C28FACFE9D520D11CA2CBB /* Products */ = {
			isa = PBXGroup;
			children = (
				1D6058910D05DD3D006BFB54 /* mobilitEASE.app */,
			);
			name = Products;
			sourceTree = "<group>";
		};
		29B97314FDCFA39411CA2CEA /* CustomTemplate */ = {
			isa = PBXGroup;
			children = (
				EB87FDF41871DAF40020F90C /* config.xml */,
				EB87FDF31871DA8E0020F90C /* www */,
				EB87FDF11871DA420020F90C /* Staging */,
				301BF52D109A57CC0062928A /* CordovaLib.xcodeproj */,
				080E96DDFE201D6D7F000001 /* Classes */,
				307C750510C5A3420062BCA9 /* Plugins */,
				29B97315FDCFA39411CA2CEA /* Other Sources */,
				29B97317FDCFA39411CA2CEA /* Resources */,
				29B97323FDCFA39411CA2CEA /* Frameworks */,
				19C28FACFE9D520D11CA2CBB /* Products */,
				A47696C07C18AEC2214C46B3 /* Pods */,
			);
			name = CustomTemplate;
			sourceTree = "<group>";
		};
		29B97315FDCFA39411CA2CEA /* Other Sources */ = {
			isa = PBXGroup;
			children = (
				32CA4F630368D1EE00C91783 /* mobilitEASE-Prefix.pch */,
				29B97316FDCFA39411CA2CEA /* main.m */,
				ED33DF2A687741AEAF9F8254 /* Bridging-Header.h */,
			);
			name = "Other Sources";
			path = mobilitEASE;
			sourceTree = "<group>";
		};
		29B97317FDCFA39411CA2CEA /* Resources */ = {
			isa = PBXGroup;
			children = (
				0207DA571B56EA530066E2B4 /* Images.xcassets */,
				3047A50E1AB8057F00498E2A /* config */,
				8D1107310486CEB800E47090 /* mobilitEASE-Info.plist */,
				AB09824B0DB44977B2C8CDAB /* tessdata */,
				70FF19ABBBBA41D2AA843D4C /* GMEmptyFolder@1x.png */,
				913BCED2403B43129CDDD21C /* GMEmptyFolder@2x.png */,
				4A4068A9DFAD43E0948237A1 /* GMSelected.png */,
				32462597358E43DEAD27B337 /* GMSelected@2x.png */,
				1AD6623820FA4C8F96F10693 /* GMVideoIcon.png */,
				D4CD568799CE4E06A29118CD /* GMVideoIcon@2x.png */,
				0BAA45DE39594C9AA44880F8 /* ca.lproj */,
				3883D080A2E94D34BC7CAE3F /* de.lproj */,
				F530FB11057B4497AE25CE0F /* en.lproj */,
				141E448DC62A4F60B26D27C3 /* es.lproj */,
				9D473F296960498BB2BA604B /* fr.lproj */,
				CA3AF3F21F9247BFBF63775C /* it.lproj */,
				3828FCE35D1E489BB3092B7C /* pt.lproj */,
			);
			name = Resources;
			path = mobilitEASE/Resources;
			sourceTree = "<group>";
		};
		29B97323FDCFA39411CA2CEA /* Frameworks */ = {
			isa = PBXGroup;
			children = (
				D77814B4E08146E1867B10A1 /* ImageIO.framework */,
				46ADA57833D9414CABA7987A /* CoreLocation.framework */,
				96380BFB7C0C49E9BA3090A5 /* AVFoundation.framework */,
				3D06F9EA8BE64E6A89B56A18 /* SystemConfiguration.framework */,
				87A04B5275FC494C922F402A /* CoreTelephony.framework */,
				385E12AC54F94109BF2FC120 /* libGGLCloudMessaging.a */,
				901FF005E1524C7FA09EB663 /* libGGLCore.a */,
				02C9569D07034B7E84242F22 /* libGGLInstanceIDLib.a */,
				DC92FE0A38774CEEB11AF01A /* libGIP_Reachability.a */,
				5AE939263D7C4833832736DF /* libGSDK_Overload.a */,
				71643E3C1561496585F73AF7 /* libGTMSessionFetcher_core.a */,
				A2C30DB92FC942A881C6D5F6 /* libGTMSessionFetcher_full.a */,
				C177C930AE4E4C638FC4976E /* libGTMStackTrace.a */,
				7B83A5BEF4E04899824DDC38 /* libGTM_AddressBook.a */,
				808A0A0EDF6349AC81D17D2C /* libGTM_DebugUtils.a */,
				6D88C45E4236472FAA99F29C /* libGTM_GTMURLBuilder.a */,
				BC2491C6289E4CDD967A4B30 /* libGTM_KVO.a */,
				ABF289AF7C004D5CA9DD3D73 /* libGTM_NSData+zlib.a */,
				59DEA9D3F9644B7CBCA8AF2C /* libGTM_NSDictionary+URLArguments.a */,
				4A1489D9B13F4B97877F9684 /* libGTM_NSScannerJSON.a */,
				35860BAB212C40D9A2EB4813 /* libGTM_NSStringHTML.a */,
				BE3F3E417B2245138C4CB9D5 /* libGTM_NSStringXML.a */,
				B6E60A2D6B174569BD32966C /* libGTM_Regex.a */,
				BC1FEF6EB1764AD0861C27AD /* libGTM_RoundedRectPath.a */,
				0E910B0333E14E02B7136789 /* libGTM_StringEncoding.a */,
				2CE02DF6B8BA4C2282DAD876 /* libGTM_SystemVersion.a */,
				8F070C5B66EC458B94080B90 /* libGTM_UIFont+LineHeight.a */,
				5F1F6C14473341DD8E9118FD /* libGTM_core.a */,
				D44741EC44A9456489855AF0 /* libGTM_iPhone.a */,
				5A176E28F35D45D8BC88C6FD /* libGcmLib.a */,
				1CB671B403A04BFA9B3CD719 /* libProtocolBuffers.a */,
				810B5B3EDEDD4515831A950A /* AddressBook.framework */,
				C0B0811633DD4B2BAE32AE46 /* libsqlite3.tbd */,
				777C011733084BDC9C7B04D5 /* libz.tbd */,
				4254485800408FB8917D5E1D /* libPods-mobilitEASE.a */,
				6F23F39E20244B3AAF60FFC2 /* Accelerate.framework */,
				815AF53CF564427F95A789CB /* Security.framework */,
				60B01030DF9A400588B25FDF /* Photos.framework */,
				D9B797D6A1DE4990A5D8374A /* QuartzCore.framework */,
			);
			name = Frameworks;
			sourceTree = "<group>";
		};
		301BF52E109A57CC0062928A /* Products */ = {
			isa = PBXGroup;
			children = (
				301BF535109A57CC0062928A /* libCordova.a */,
			);
			name = Products;
			sourceTree = "<group>";
		};
		3047A50E1AB8057F00498E2A /* config */ = {
			isa = PBXGroup;
			children = (
				3047A50F1AB8059700498E2A /* build-debug.xcconfig */,
				3047A5101AB8059700498E2A /* build-release.xcconfig */,
				3047A5111AB8059700498E2A /* build.xcconfig */,
			);
			name = config;
			sourceTree = "<group>";
		};
		307C750510C5A3420062BCA9 /* Plugins */ = {
			isa = PBXGroup;
			children = (
				4FEE3B59719D4FD0AA60C294 /* UIImage+CropScaleOrientation.m */,
				078C2C95B15948BE8365218A /* CDVCamera.m */,
				59FC98AF695040AD86A905AF /* CDVJpegHeaderWriter.m */,
				2F7DD314DE1B48908AF674A2 /* UIImage+CropScaleOrientation.h */,
				C62B8808506E444C917D6B74 /* CDVCamera.h */,
				02A39D8D0E2842C395CF19C0 /* CDVJpegHeaderWriter.h */,
				B1BEA8B4CEDB4F649D9F2829 /* CDVExif.h */,
				F6B5E75A7311469C987F05E9 /* CDVLocation.m */,
				FB73860783514C6797D20399 /* CDVLocation.h */,
				74468854A5E5467290876260 /* CDVGlobalization.m */,
				3814E8B69AE64C94B52A4548 /* CDVGlobalization.h */,
				7F35E1E3A3F74EC285E03FCE /* CDVConnection.m */,
				EF9B500AAC564CABB9547376 /* CDVReachability.m */,
				05082718A2494DE6B7B048B8 /* CDVConnection.h */,
				3F4709D5A38C464A86066EF9 /* CDVReachability.h */,
				0FF8EF37BFA74DAAA943785A /* CDVSplashScreen.m */,
				F3009C178B9847C38F45142A /* CDVViewController+SplashScreen.m */,
				9419AD80031E472B8A785F23 /* CDVSplashScreen.h */,
				1E47D105FD9C4DFBBFDF32C5 /* CDVViewController+SplashScreen.h */,
				98F85ACFD2A44DE594147400 /* SQLitePlugin.m */,
				6E51AEA8BF9C42A4A9EE7392 /* sqlite3.c */,
				7BE0AD25FBE94191935C2F5D /* SQLitePlugin.h */,
				43ED7C392474498A92CC317C /* sqlite3.h */,
				66DD5941939644DCB1CB367D /* AppDelegate+notification.m */,
				8F69BCF6DB144F3AB606BB38 /* PushPlugin.m */,
				4D9AD3CC6B8240FF9AA0A878 /* AppDelegate+notification.h */,
				A14FB31C64F24EC78F84AC5F /* PushPlugin.h */,
				376E1D5A72F546198B477941 /* GGLInstanceID.h */,
				91743BCF940C4C7DBCDB8A2F /* GGLInstanceIDConfig.h */,
				A5621EF4BFC54F6B9E9B6551 /* GGLInstanceIDDelegate.h */,
				082C3EA191EB4CB0AC3F816A /* GGLInstanceIDHeaders.h */,
				5B74E554375848DB91B79F1F /* CloudMessaging.h */,
				40B5C140C7294350B97DCC08 /* GGLContext+CloudMessaging.h */,
				737B6CB40FA8431EA41B4D9C /* Core.h */,
				36CD1243200542088D3C7F51 /* GGLConfiguration.h */,
				FC384F105F8F47E4AFF41CBA /* GGLContext.h */,
				C1D246C2E88849BC97E5EEFA /* GGLErrorCode.h */,
				E3E670ECB70E42C79790053C /* GCMConfig.h */,
				F9BFF589986544158BCE6C93 /* GCMPubSub.h */,
				A7537C9EF282425A811C0E00 /* GCMReceiverDelegate.h */,
				4C8B71BCFF0A46CFA29F7D45 /* GCMService.h */,
				8F5C7177ACFE484B8DF8D502 /* GoogleCloudMessaging.h */,
				854E50B8835143A79BD2C04F /* CDVFile.m */,
				816F1049F0DE482C8E22F622 /* CDVLocalFilesystem.m */,
				486C00CDF21A441A9EC1C797 /* CDVAssetLibraryFilesystem.m */,
				D643DB4AB76D48878593401D /* CDVFile.h */,
				157DC6DB6E0847C08F01EDE7 /* CDVLocalFilesystem.h */,
				11E2A3A20E7E49BF8C2B3F4B /* CDVAssetLibraryFilesystem.h */,
				10DD93D73172437583181D77 /* CDVFileTransfer.m */,
				96FB519CF509420CAB641249 /* CDVFileTransfer.h */,
				921128834B084C148DE54BE7 /* CDVDevice.m */,
				4E86FC3AFE35437D974DEBDB /* CDVDevice.h */,
				87567C1E6919483BBB968FDB /* AppVersion.m */,
				8C07ECC312C0440F99A71D86 /* AppVersion.h */,
				9F90027E9BDE4C219FC527A5 /* CDVStatusBar.m */,
				674727640029460B979EBD68 /* CDVStatusBar.h */,
				799F47D9853A4C278EAFD540 /* SOSPicker.m */,
				8D8B3E674BD64BCF8513E7DA /* UIImage+fixOrientation.m */,
				27F8A600081540D1B864A68E /* GMAlbumsViewCell.m */,
				1A5586BAF75B4DE7B61615E2 /* GMAlbumsViewController.m */,
				1CF8D4470E4C4B29910368F0 /* GMFetchItem.m */,
				13565D2F48804D919297AE58 /* GMGridViewCell.m */,
				0938FF6E4B8C4EFC917891BE /* GMGridViewController.m */,
				87BE3390D41A4CB3BA94A6B5 /* GMImagePickerController.m */,
				60C15035D0DF481ABFFCFA79 /* PSYBlockTimer.m */,
				80156C212D1049B6BFA94BE3 /* GMPHAsset.m */,
				1D40DC1AF32447E4BFBDE0C0 /* SOSPicker.h */,
				D1EB4021832E410592D08B6F /* UIImage+fixOrientation.h */,
				3AAAC2C5FADE47EB8190DD38 /* GMAlbumsViewCell.h */,
				69F6FD864EE242FCA4F1DD14 /* GMAlbumsViewController.h */,
				C455D8B1B4A744A6B4DCC4F7 /* GMFetchItem.h */,
				4AE13CD779F14745863908D7 /* GMGridViewCell.h */,
				C0F82054005D4165B9C4012A /* GMGridViewController.h */,
				9D6AD14431764AC199646792 /* GMImagePickerController.h */,
				D89D6801F27343BEBC5477EB /* PSYBlockTimer.h */,
				400EA91FC1234F8D967A9595 /* GMPHAsset.h */,
			);
			name = Plugins;
			path = mobilitEASE/Plugins;
			sourceTree = SOURCE_ROOT;
		};
		A47696C07C18AEC2214C46B3 /* Pods */ = {
			isa = PBXGroup;
			children = (
			);
			name = Pods;
			sourceTree = "<group>";
		};
		EB87FDF11871DA420020F90C /* Staging */ = {
			isa = PBXGroup;
			children = (
				F840E1F0165FE0F500CFE078 /* config.xml */,
				301BF56E109A69640062928A /* www */,
			);
			name = Staging;
			sourceTree = "<group>";
		};
/* End PBXGroup section */

/* Begin PBXNativeTarget section */
		1D6058900D05DD3D006BFB54 /* mobilitEASE */ = {
			isa = PBXNativeTarget;
			buildConfigurationList = 1D6058960D05DD3E006BFB54 /* Build configuration list for PBXNativeTarget "mobilitEASE" */;
			buildPhases = (
				7AE54E4FB4061C205292CAC5 /* [CP] Check Pods Manifest.lock */,
				304B58A110DAC018002A0835 /* Copy www directory */,
				1D60588D0D05DD3D006BFB54 /* Resources */,
				1D60588E0D05DD3D006BFB54 /* Sources */,
				1D60588F0D05DD3D006BFB54 /* Frameworks */,
				797F6C2896671E8701452934 /* [CP] Embed Pods Frameworks */,
				C03E0C39E4CACB4CF34E1B3F /* [CP] Copy Pods Resources */,
			);
			buildRules = (
			);
			dependencies = (
				301BF551109A68C00062928A /* PBXTargetDependency */,
			);
			name = mobilitEASE;
			productName = mobilitEASE;
			productReference = 1D6058910D05DD3D006BFB54 /* mobilitEASE.app */;
			productType = "com.apple.product-type.application";
		};
/* End PBXNativeTarget section */

/* Begin PBXProject section */
		29B97313FDCFA39411CA2CEA /* Project object */ = {
			isa = PBXProject;
			attributes = {
				LastUpgradeCheck = 800;
				TargetAttributes = {
					1D6058900D05DD3D006BFB54 = {
						DevelopmentTeam = K69VAF6CNF;
					};
				};
			};
			buildConfigurationList = C01FCF4E08A954540054247B /* Build configuration list for PBXProject "mobilitease" */;
			compatibilityVersion = "Xcode 3.2";
			developmentRegion = English;
			hasScannedForEncodings = 1;
			knownRegions = (
				en,
			);
			mainGroup = 29B97314FDCFA39411CA2CEA /* CustomTemplate */;
			productRefGroup = 19C28FACFE9D520D11CA2CBB /* Products */;
			projectDirPath = "";
			projectReferences = (
				{
					ProductGroup = 301BF52E109A57CC0062928A /* Products */;
					ProjectRef = 301BF52D109A57CC0062928A /* CordovaLib.xcodeproj */;
				},
			);
			projectRoot = "";
			targets = (
				1D6058900D05DD3D006BFB54 /* mobilitEASE */,
			);
		};
/* End PBXProject section */

/* Begin PBXReferenceProxy section */
		301BF535109A57CC0062928A /* libCordova.a */ = {
			isa = PBXReferenceProxy;
			fileType = archive.ar;
			path = libCordova.a;
			remoteRef = 301BF534109A57CC0062928A /* PBXContainerItemProxy */;
			sourceTree = BUILT_PRODUCTS_DIR;
		};
/* End PBXReferenceProxy section */

/* Begin PBXResourcesBuildPhase section */
		1D60588D0D05DD3D006BFB54 /* Resources */ = {
			isa = PBXResourcesBuildPhase;
			buildActionMask = 2147483647;
			files = (
				302D95F214D2391D003F00A1 /* MainViewController.xib in Resources */,
				0207DA581B56EA530066E2B4 /* Images.xcassets in Resources */,
				C50B187510F8402E865C3329 /* tessdata in Resources */,
				4A8E41F7DB504E8CB63CC7F9 /* GMEmptyFolder@1x.png in Resources */,
				D67DEA8230014D73AD0CF21F /* GMEmptyFolder@2x.png in Resources */,
				81A994DF6BAC4F45A2067B82 /* GMSelected.png in Resources */,
				0C4A04EC43D5455CA1FD21AC /* GMSelected@2x.png in Resources */,
				1E64C31C9222431798F0767E /* GMVideoIcon.png in Resources */,
				7F154E3EA3284176A1792351 /* GMVideoIcon@2x.png in Resources */,
				73B6AD5A989D41ACA04E1E49 /* ca.lproj in Resources */,
				7F6C1309E7D547BD990B30CC /* de.lproj in Resources */,
				38FC8A3B6717453E86415BC1 /* en.lproj in Resources */,
				2A5A3C50AB5C4A21A7F6BA09 /* es.lproj in Resources */,
				815BE86D543641A1952A0BA4 /* fr.lproj in Resources */,
				2229164ACD904659A52D69A4 /* it.lproj in Resources */,
				87C3084583A44EA9BBDDF878 /* pt.lproj in Resources */,
			);
			runOnlyForDeploymentPostprocessing = 0;
		};
/* End PBXResourcesBuildPhase section */

/* Begin PBXShellScriptBuildPhase section */
		304B58A110DAC018002A0835 /* Copy www directory */ = {
			isa = PBXShellScriptBuildPhase;
			buildActionMask = 2147483647;
			files = (
			);
			inputPaths = (
			);
			name = "Copy www directory";
			outputPaths = (
			);
			runOnlyForDeploymentPostprocessing = 0;
			shellPath = /bin/sh;
			shellScript = "NODEJS_PATH=/usr/local/bin; NVM_NODE_PATH=~/.nvm/versions/node/`nvm version 2>/dev/null`/bin; N_NODE_PATH=`find /usr/local/n/versions/node/* -maxdepth 0 -type d 2>/dev/null | tail -1`/bin; XCODE_NODE_PATH=`xcode-select --print-path`/usr/share/xcs/Node/bin; PATH=$NODEJS_PATH:$NVM_NODE_PATH:$N_NODE_PATH:$XCODE_NODE_PATH:$PATH && node cordova/lib/copy-www-build-step.js";
			showEnvVarsInLog = 0;
		};
		797F6C2896671E8701452934 /* [CP] Embed Pods Frameworks */ = {
			isa = PBXShellScriptBuildPhase;
			buildActionMask = 2147483647;
			files = (
			);
			inputPaths = (
			);
			name = "[CP] Embed Pods Frameworks";
			outputPaths = (
			);
			runOnlyForDeploymentPostprocessing = 0;
			shellPath = /bin/sh;
			shellScript = "\"${SRCROOT}/Pods/Target Support Files/Pods-mobilitEASE/Pods-mobilitEASE-frameworks.sh\"\n";
			showEnvVarsInLog = 0;
		};
		7AE54E4FB4061C205292CAC5 /* [CP] Check Pods Manifest.lock */ = {
			isa = PBXShellScriptBuildPhase;
			buildActionMask = 2147483647;
			files = (
			);
			inputPaths = (
			);
			name = "[CP] Check Pods Manifest.lock";
			outputPaths = (
			);
			runOnlyForDeploymentPostprocessing = 0;
			shellPath = /bin/sh;
			shellScript = "diff \"${SRCROOT}/Podfile.lock\" \"${SRCROOT}/Pods/Manifest.lock\" > /dev/null\nif [[ $? != 0 ]] ; then\n    cat << EOM\nerror: The sandbox is not in sync with the Podfile.lock. Run 'pod install' or update your CocoaPods installation.\nEOM\n    exit 1\nfi\n";
			showEnvVarsInLog = 0;
		};
		C03E0C39E4CACB4CF34E1B3F /* [CP] Copy Pods Resources */ = {
			isa = PBXShellScriptBuildPhase;
			buildActionMask = 2147483647;
			files = (
			);
			inputPaths = (
			);
			name = "[CP] Copy Pods Resources";
			outputPaths = (
			);
			runOnlyForDeploymentPostprocessing = 0;
			shellPath = /bin/sh;
			shellScript = "\"${SRCROOT}/Pods/Target Support Files/Pods-mobilitEASE/Pods-mobilitEASE-resources.sh\"\n";
			showEnvVarsInLog = 0;
		};
/* End PBXShellScriptBuildPhase section */

/* Begin PBXSourcesBuildPhase section */
		1D60588E0D05DD3D006BFB54 /* Sources */ = {
			isa = PBXSourcesBuildPhase;
			buildActionMask = 2147483647;
			files = (
				1D60589B0D05DD56006BFB54 /* main.m in Sources */,
				1D3623260D0F684500981E51 /* AppDelegate.m in Sources */,
				302D95F114D2391D003F00A1 /* MainViewController.m in Sources */,
				6052E6C7A9CA499B92E68813 /* UIImage+CropScaleOrientation.m in Sources */,
				EE28C0F6C86046DCBA0842AC /* CDVCamera.m in Sources */,
				9D5548A693054CF5A25A5981 /* CDVJpegHeaderWriter.m in Sources */,
				6AD47E464D674307B730B078 /* CDVLocation.m in Sources */,
				B721E6A239A4414A860A6C1C /* CDVGlobalization.m in Sources */,
				D26303ECA4914B899961256A /* CDVConnection.m in Sources */,
				D08A7B5FB785415AB8CEDCDD /* CDVReachability.m in Sources */,
				0AE5462422DE486CB2D1B9E2 /* CDVSplashScreen.m in Sources */,
				CB96E8235B7A47C7BAD6E593 /* CDVViewController+SplashScreen.m in Sources */,
				C6AC05E86E8349FAA459467E /* SQLitePlugin.m in Sources */,
				AC0B9364DA5D4F5BB37D04DE /* sqlite3.c in Sources */,
				BE223BDEC6D740E4AFDCB7CA /* AppDelegate+notification.m in Sources */,
				5946C37B966C44B0A53DE280 /* PushPlugin.m in Sources */,
				B2447E0E72F3459C9032C12C /* CDVFile.m in Sources */,
				B2F6D36D93C34518A92C0645 /* CDVLocalFilesystem.m in Sources */,
				6C0A7F75138B43048FCF1D02 /* CDVAssetLibraryFilesystem.m in Sources */,
				38ABFB016A284760B3026B85 /* CDVFileTransfer.m in Sources */,
				A0073A4DB3DD4D19A3A004C2 /* CDVDevice.m in Sources */,
				3AA3752E87214B5896E677CE /* AppVersion.m in Sources */,
				B0D1D51933E84740BB6AADB0 /* CDVStatusBar.m in Sources */,
				CFA829D35FBC4C52B7A4BA7D /* SOSPicker.m in Sources */,
				DB7818682BC64E7EAEBE8D5C /* UIImage+fixOrientation.m in Sources */,
				43217A47D09A4AD3B04DA325 /* GMAlbumsViewCell.m in Sources */,
				6EC40D8513A4427F8437CCA8 /* GMAlbumsViewController.m in Sources */,
				DB49ED6D27884D09980D31DA /* GMFetchItem.m in Sources */,
				A8287896F3C2452891592BDF /* GMGridViewCell.m in Sources */,
				B45F6558657A48B9AC28C725 /* GMGridViewController.m in Sources */,
				8000EB4C4E7C4666B12E60F2 /* GMImagePickerController.m in Sources */,
				B48B80C18B92456C8CFEC98E /* PSYBlockTimer.m in Sources */,
				E4F58FC8CA1C4796AB4C2C0A /* GMPHAsset.m in Sources */,
			);
			runOnlyForDeploymentPostprocessing = 0;
		};
/* End PBXSourcesBuildPhase section */

/* Begin PBXTargetDependency section */
		301BF551109A68C00062928A /* PBXTargetDependency */ = {
			isa = PBXTargetDependency;
			name = CordovaLib;
			targetProxy = 301BF550109A68C00062928A /* PBXContainerItemProxy */;
		};
/* End PBXTargetDependency section */

/* Begin XCBuildConfiguration section */
		1D6058940D05DD3E006BFB54 /* Debug */ = {
			isa = XCBuildConfiguration;
			baseConfigurationReference = 3047A50F1AB8059700498E2A /* build-debug.xcconfig */;
			buildSettings = {
				ALWAYS_SEARCH_USER_PATHS = NO;
				ASSETCATALOG_COMPILER_APPICON_NAME = AppIcon;
				ASSETCATALOG_COMPILER_LAUNCHIMAGE_NAME = LaunchImage;
				CLANG_ENABLE_MODULES = YES;
				CLANG_ENABLE_OBJC_ARC = YES;
				COPY_PHASE_STRIP = NO;
				DEVELOPMENT_TEAM = K69VAF6CNF;
				GCC_DYNAMIC_NO_PIC = NO;
				GCC_OPTIMIZATION_LEVEL = 0;
				GCC_PRECOMPILE_PREFIX_HEADER = YES;
				GCC_PREFIX_HEADER = "mobilitEASE/mobilitEASE-Prefix.pch";
				GCC_THUMB_SUPPORT = NO;
				GCC_VERSION = "";
				INFOPLIST_FILE = "mobilitEASE/mobilitEASE-Info.plist";
				IPHONEOS_DEPLOYMENT_TARGET = 8.3;
				LD_RUNPATH_SEARCH_PATHS = "@executable_path/Frameworks";
				LIBRARY_SEARCH_PATHS = (
					"$(inherited)",
					"\"$(SRCROOT)/mobilitEASE/Plugins/phonegap-plugin-push/GCM/Libraries\"",
					"\"$(SRCROOT)/mobilitEASE/Plugins/phonegap-plugin-push/GCM/Libraries\"",
					"\"$(SRCROOT)/mobilitEASE/Plugins/phonegap-plugin-push/GCM/Libraries\"",
					"\"$(SRCROOT)/mobilitEASE/Plugins/phonegap-plugin-push/GCM/Libraries\"",
					"\"$(SRCROOT)/mobilitEASE/Plugins/phonegap-plugin-push/GCM/Libraries\"",
					"\"$(SRCROOT)/mobilitEASE/Plugins/phonegap-plugin-push/GCM/Libraries\"",
					"\"$(SRCROOT)/mobilitEASE/Plugins/phonegap-plugin-push/GCM/Libraries\"",
					"\"$(SRCROOT)/mobilitEASE/Plugins/phonegap-plugin-push/GCM/Libraries\"",
					"\"$(SRCROOT)/mobilitEASE/Plugins/phonegap-plugin-push/GCM/Libraries\"",
					"\"$(SRCROOT)/mobilitEASE/Plugins/phonegap-plugin-push/GCM/Libraries\"",
					"\"$(SRCROOT)/mobilitEASE/Plugins/phonegap-plugin-push/GCM/Libraries\"",
					"\"$(SRCROOT)/mobilitEASE/Plugins/phonegap-plugin-push/GCM/Libraries\"",
					"\"$(SRCROOT)/mobilitEASE/Plugins/phonegap-plugin-push/GCM/Libraries\"",
					"\"$(SRCROOT)/mobilitEASE/Plugins/phonegap-plugin-push/GCM/Libraries\"",
					"\"$(SRCROOT)/mobilitEASE/Plugins/phonegap-plugin-push/GCM/Libraries\"",
					"\"$(SRCROOT)/mobilitEASE/Plugins/phonegap-plugin-push/GCM/Libraries\"",
					"\"$(SRCROOT)/mobilitEASE/Plugins/phonegap-plugin-push/GCM/Libraries\"",
					"\"$(SRCROOT)/mobilitEASE/Plugins/phonegap-plugin-push/GCM/Libraries\"",
					"\"$(SRCROOT)/mobilitEASE/Plugins/phonegap-plugin-push/GCM/Libraries\"",
					"\"$(SRCROOT)/mobilitEASE/Plugins/phonegap-plugin-push/GCM/Libraries\"",
					"\"$(SRCROOT)/mobilitEASE/Plugins/phonegap-plugin-push/GCM/Libraries\"",
					"\"$(SRCROOT)/mobilitEASE/Plugins/phonegap-plugin-push/GCM/Libraries\"",
					"\"$(SRCROOT)/mobilitEASE/Plugins/phonegap-plugin-push/GCM/Libraries\"",
					"\"$(SRCROOT)/mobilitEASE/Plugins/phonegap-plugin-push/GCM/Libraries\"",
					"\"$(SRCROOT)/mobilitEASE/Plugins/phonegap-plugin-push/GCM/Libraries\"",
					"\"$(SRCROOT)/mobilitEASE/Plugins/phonegap-plugin-push/GCM/Libraries\"",
				);
				PRODUCT_BUNDLE_IDENTIFIER = com.leadliaison.mobilitease;
				PRODUCT_NAME = mobilitEASE;
			};
			name = Debug;
		};
		1D6058950D05DD3E006BFB54 /* Release */ = {
			isa = XCBuildConfiguration;
			baseConfigurationReference = 3047A5101AB8059700498E2A /* build-release.xcconfig */;
			buildSettings = {
				ALWAYS_SEARCH_USER_PATHS = NO;
				ASSETCATALOG_COMPILER_APPICON_NAME = AppIcon;
				ASSETCATALOG_COMPILER_LAUNCHIMAGE_NAME = LaunchImage;
				CLANG_ENABLE_MODULES = YES;
				CLANG_ENABLE_OBJC_ARC = YES;
				CODE_SIGN_IDENTITY = "iPhone Developer";
				COPY_PHASE_STRIP = YES;
				DEVELOPMENT_TEAM = K69VAF6CNF;
				GCC_PRECOMPILE_PREFIX_HEADER = YES;
				GCC_PREFIX_HEADER = "mobilitEASE/mobilitEASE-Prefix.pch";
				GCC_THUMB_SUPPORT = NO;
				GCC_VERSION = "";
				INFOPLIST_FILE = "mobilitEASE/mobilitEASE-Info.plist";
				IPHONEOS_DEPLOYMENT_TARGET = 8.3;
				LIBRARY_SEARCH_PATHS = (
					"$(inherited)",
					"\"$(SRCROOT)/mobilitEASE/Plugins/phonegap-plugin-push/GCM/Libraries\"",
					"\"$(SRCROOT)/mobilitEASE/Plugins/phonegap-plugin-push/GCM/Libraries\"",
					"\"$(SRCROOT)/mobilitEASE/Plugins/phonegap-plugin-push/GCM/Libraries\"",
					"\"$(SRCROOT)/mobilitEASE/Plugins/phonegap-plugin-push/GCM/Libraries\"",
					"\"$(SRCROOT)/mobilitEASE/Plugins/phonegap-plugin-push/GCM/Libraries\"",
					"\"$(SRCROOT)/mobilitEASE/Plugins/phonegap-plugin-push/GCM/Libraries\"",
					"\"$(SRCROOT)/mobilitEASE/Plugins/phonegap-plugin-push/GCM/Libraries\"",
					"\"$(SRCROOT)/mobilitEASE/Plugins/phonegap-plugin-push/GCM/Libraries\"",
					"\"$(SRCROOT)/mobilitEASE/Plugins/phonegap-plugin-push/GCM/Libraries\"",
					"\"$(SRCROOT)/mobilitEASE/Plugins/phonegap-plugin-push/GCM/Libraries\"",
					"\"$(SRCROOT)/mobilitEASE/Plugins/phonegap-plugin-push/GCM/Libraries\"",
					"\"$(SRCROOT)/mobilitEASE/Plugins/phonegap-plugin-push/GCM/Libraries\"",
					"\"$(SRCROOT)/mobilitEASE/Plugins/phonegap-plugin-push/GCM/Libraries\"",
					"\"$(SRCROOT)/mobilitEASE/Plugins/phonegap-plugin-push/GCM/Libraries\"",
					"\"$(SRCROOT)/mobilitEASE/Plugins/phonegap-plugin-push/GCM/Libraries\"",
					"\"$(SRCROOT)/mobilitEASE/Plugins/phonegap-plugin-push/GCM/Libraries\"",
					"\"$(SRCROOT)/mobilitEASE/Plugins/phonegap-plugin-push/GCM/Libraries\"",
					"\"$(SRCROOT)/mobilitEASE/Plugins/phonegap-plugin-push/GCM/Libraries\"",
					"\"$(SRCROOT)/mobilitEASE/Plugins/phonegap-plugin-push/GCM/Libraries\"",
					"\"$(SRCROOT)/mobilitEASE/Plugins/phonegap-plugin-push/GCM/Libraries\"",
					"\"$(SRCROOT)/mobilitEASE/Plugins/phonegap-plugin-push/GCM/Libraries\"",
					"\"$(SRCROOT)/mobilitEASE/Plugins/phonegap-plugin-push/GCM/Libraries\"",
					"\"$(SRCROOT)/mobilitEASE/Plugins/phonegap-plugin-push/GCM/Libraries\"",
					"\"$(SRCROOT)/mobilitEASE/Plugins/phonegap-plugin-push/GCM/Libraries\"",
					"\"$(SRCROOT)/mobilitEASE/Plugins/phonegap-plugin-push/GCM/Libraries\"",
					"\"$(SRCROOT)/mobilitEASE/Plugins/phonegap-plugin-push/GCM/Libraries\"",
				);
				PRODUCT_BUNDLE_IDENTIFIER = com.leadliaison.mobilitease;
				PRODUCT_NAME = mobilitEASE;
			};
			name = Release;
		};
		C01FCF4F08A954540054247B /* Debug */ = {
			isa = XCBuildConfiguration;
			baseConfigurationReference = 3047A5111AB8059700498E2A /* build.xcconfig */;
			buildSettings = {
				CLANG_ENABLE_MODULES = YES;
				CLANG_ENABLE_OBJC_ARC = YES;
				CLANG_WARN_BOOL_CONVERSION = YES;
				CLANG_WARN_CONSTANT_CONVERSION = YES;
				CLANG_WARN_EMPTY_BODY = YES;
				CLANG_WARN_ENUM_CONVERSION = YES;
				CLANG_WARN_INFINITE_RECURSION = YES;
				CLANG_WARN_INT_CONVERSION = YES;
				CLANG_WARN_SUSPICIOUS_MOVE = YES;
				CLANG_WARN_UNREACHABLE_CODE = YES;
				CLANG_WARN__DUPLICATE_METHOD_MATCH = YES;
				DEVELOPMENT_TEAM = K69VAF6CNF;
				ENABLE_STRICT_OBJC_MSGSEND = YES;
				ENABLE_TESTABILITY = YES;
				GCC_C_LANGUAGE_STANDARD = c99;
				GCC_NO_COMMON_BLOCKS = YES;
				GCC_THUMB_SUPPORT = NO;
				GCC_VERSION = "";
				GCC_WARN_64_TO_32_BIT_CONVERSION = YES;
				GCC_WARN_ABOUT_RETURN_TYPE = YES;
				GCC_WARN_UNDECLARED_SELECTOR = YES;
				GCC_WARN_UNINITIALIZED_AUTOS = YES;
				GCC_WARN_UNUSED_FUNCTION = YES;
				GCC_WARN_UNUSED_VARIABLE = YES;
				IPHONEOS_DEPLOYMENT_TARGET = 8.3;
				ONLY_ACTIVE_ARCH = YES;
				PODS_ROOT = "${SRCROOT}/Pods";
				SDKROOT = iphoneos;
				SKIP_INSTALL = NO;
			};
			name = Debug;
		};
		C01FCF5008A954540054247B /* Release */ = {
			isa = XCBuildConfiguration;
			baseConfigurationReference = 3047A5111AB8059700498E2A /* build.xcconfig */;
			buildSettings = {
				CLANG_ENABLE_MODULES = YES;
				CLANG_ENABLE_OBJC_ARC = YES;
				CLANG_WARN_BOOL_CONVERSION = YES;
				CLANG_WARN_CONSTANT_CONVERSION = YES;
				CLANG_WARN_EMPTY_BODY = YES;
				CLANG_WARN_ENUM_CONVERSION = YES;
				CLANG_WARN_INFINITE_RECURSION = YES;
				CLANG_WARN_INT_CONVERSION = YES;
				CLANG_WARN_SUSPICIOUS_MOVE = YES;
				CLANG_WARN_UNREACHABLE_CODE = YES;
				CLANG_WARN__DUPLICATE_METHOD_MATCH = YES;
				CODE_SIGN_IDENTITY = "iPhone Developer";
				"CODE_SIGN_IDENTITY[sdk=iphoneos*]" = "iPhone Developer";
				DEVELOPMENT_TEAM = K69VAF6CNF;
				ENABLE_STRICT_OBJC_MSGSEND = YES;
				GCC_C_LANGUAGE_STANDARD = c99;
				GCC_NO_COMMON_BLOCKS = YES;
				GCC_THUMB_SUPPORT = NO;
				GCC_VERSION = "";
				GCC_WARN_64_TO_32_BIT_CONVERSION = YES;
				GCC_WARN_ABOUT_RETURN_TYPE = YES;
				GCC_WARN_UNDECLARED_SELECTOR = YES;
				GCC_WARN_UNINITIALIZED_AUTOS = YES;
				GCC_WARN_UNUSED_FUNCTION = YES;
				GCC_WARN_UNUSED_VARIABLE = YES;
				IPHONEOS_DEPLOYMENT_TARGET = 8.3;
				PODS_ROOT = "${SRCROOT}/Pods";
				SDKROOT = iphoneos;
				SKIP_INSTALL = NO;
			};
			name = Release;
		};
/* End XCBuildConfiguration section */

/* Begin XCConfigurationList section */
		1D6058960D05DD3E006BFB54 /* Build configuration list for PBXNativeTarget "mobilitEASE" */ = {
			isa = XCConfigurationList;
			buildConfigurations = (
				1D6058940D05DD3E006BFB54 /* Debug */,
				1D6058950D05DD3E006BFB54 /* Release */,
			);
			defaultConfigurationIsVisible = 0;
			defaultConfigurationName = Release;
		};
		C01FCF4E08A954540054247B /* Build configuration list for PBXProject "mobilitease" */ = {
			isa = XCConfigurationList;
			buildConfigurations = (
				C01FCF4F08A954540054247B /* Debug */,
				C01FCF5008A954540054247B /* Release */,
			);
			defaultConfigurationIsVisible = 0;
			defaultConfigurationName = Release;
		};
/* End XCConfigurationList section */
	};
	rootObject = 29B97313FDCFA39411CA2CEA /* Project object */;
}
